// !$*UTF8*$!
{
	archiveVersion = 1;
	classes = {
	};
	objectVersion = 56;
	objects = {

/* Begin PBXBuildFile section */
		B9067A0A2BF8E20000A5EE94 /* UserDefaultKeys.swift in Sources */ = {isa = PBXBuildFile; fileRef = B9067A092BF8E20000A5EE94 /* UserDefaultKeys.swift */; };
		B9067A102BF8E3DD00A5EE94 /* Application.swift in Sources */ = {isa = PBXBuildFile; fileRef = B9067A0F2BF8E3DD00A5EE94 /* Application.swift */; };
		B9067A122BF8E41700A5EE94 /* GoogleSignInView.swift in Sources */ = {isa = PBXBuildFile; fileRef = B9067A112BF8E41700A5EE94 /* GoogleSignInView.swift */; };
		B9067A142BF8E43100A5EE94 /* GoogleSignInViewModel.swift in Sources */ = {isa = PBXBuildFile; fileRef = B9067A132BF8E43100A5EE94 /* GoogleSignInViewModel.swift */; };
		B9067A1A2BF918E000A5EE94 /* FirebaseAuth in Frameworks */ = {isa = PBXBuildFile; productRef = B9067A192BF918E000A5EE94 /* FirebaseAuth */; };
		B9067A1C2BF918E000A5EE94 /* FirebaseDatabase in Frameworks */ = {isa = PBXBuildFile; productRef = B9067A1B2BF918E000A5EE94 /* FirebaseDatabase */; };
		B9067A1E2BF918E000A5EE94 /* FirebaseDatabaseSwift in Frameworks */ = {isa = PBXBuildFile; productRef = B9067A1D2BF918E000A5EE94 /* FirebaseDatabaseSwift */; };
		B9067A202BF918E000A5EE94 /* FirebaseFirestore in Frameworks */ = {isa = PBXBuildFile; productRef = B9067A1F2BF918E000A5EE94 /* FirebaseFirestore */; };
		B9067A222BF918E000A5EE94 /* FirebaseFirestoreCombine-Community in Frameworks */ = {isa = PBXBuildFile; productRef = B9067A212BF918E000A5EE94 /* FirebaseFirestoreCombine-Community */; };
		B9067A242BF918E000A5EE94 /* FirebaseStorage in Frameworks */ = {isa = PBXBuildFile; productRef = B9067A232BF918E000A5EE94 /* FirebaseStorage */; };
		B9067A272BF91A3300A5EE94 /* GoogleSignIn in Frameworks */ = {isa = PBXBuildFile; productRef = B9067A262BF91A3300A5EE94 /* GoogleSignIn */; };
		B9067A292BF91A3300A5EE94 /* GoogleSignInSwift in Frameworks */ = {isa = PBXBuildFile; productRef = B9067A282BF91A3300A5EE94 /* GoogleSignInSwift */; };
		B9067A2B2BF91D4300A5EE94 /* Date+Extension.swift in Sources */ = {isa = PBXBuildFile; fileRef = B9067A2A2BF91D4300A5EE94 /* Date+Extension.swift */; };
		B92479F12BFA357000AF1CAA /* AuthenticationViewModel.swift in Sources */ = {isa = PBXBuildFile; fileRef = B92479F02BFA357000AF1CAA /* AuthenticationViewModel.swift */; };
		B92479F32BFA39DA00AF1CAA /* SignUpWithMobileNumberView.swift in Sources */ = {isa = PBXBuildFile; fileRef = B92479F22BFA39DA00AF1CAA /* SignUpWithMobileNumberView.swift */; };
		B92479F62BFA3AB100AF1CAA /* Countries.swift in Sources */ = {isa = PBXBuildFile; fileRef = B92479F52BFA3AB100AF1CAA /* Countries.swift */; };
		B92479F82BFA3BDE00AF1CAA /* Color+Extension.swift in Sources */ = {isa = PBXBuildFile; fileRef = B92479F72BFA3BDE00AF1CAA /* Color+Extension.swift */; };
		B92479FB2BFA3D1800AF1CAA /* OTPView.swift in Sources */ = {isa = PBXBuildFile; fileRef = B92479FA2BFA3D1800AF1CAA /* OTPView.swift */; };
		B92479FD2BFA3E8E00AF1CAA /* String+Extension.swift in Sources */ = {isa = PBXBuildFile; fileRef = B92479FC2BFA3E8E00AF1CAA /* String+Extension.swift */; };
		B95398BE29DB3C75005A71BF /* StayFitApp.swift in Sources */ = {isa = PBXBuildFile; fileRef = B95398BD29DB3C75005A71BF /* StayFitApp.swift */; };
		B95398C029DB3C75005A71BF /* ContentView.swift in Sources */ = {isa = PBXBuildFile; fileRef = B95398BF29DB3C75005A71BF /* ContentView.swift */; };
		B95398C229DB3C77005A71BF /* Assets.xcassets in Resources */ = {isa = PBXBuildFile; fileRef = B95398C129DB3C77005A71BF /* Assets.xcassets */; };
		B95398C529DB3C77005A71BF /* Preview Assets.xcassets in Resources */ = {isa = PBXBuildFile; fileRef = B95398C429DB3C77005A71BF /* Preview Assets.xcassets */; };
		B95398CF29DB3E9B005A71BF /* SignUpView.swift in Sources */ = {isa = PBXBuildFile; fileRef = B95398CE29DB3E9B005A71BF /* SignUpView.swift */; };
		B95398D829DB48EC005A71BF /* LogInView.swift in Sources */ = {isa = PBXBuildFile; fileRef = B95398D729DB48EC005A71BF /* LogInView.swift */; };
		B95398DA29DB52C8005A71BF /* AddDetailsView.swift in Sources */ = {isa = PBXBuildFile; fileRef = B95398D929DB52C8005A71BF /* AddDetailsView.swift */; };
		B95398E429DB709D005A71BF /* ViewModel.swift in Sources */ = {isa = PBXBuildFile; fileRef = B95398E329DB709D005A71BF /* ViewModel.swift */; };
		B95398E829DBBAD9005A71BF /* HealthStore.swift in Sources */ = {isa = PBXBuildFile; fileRef = B95398E729DBBAD9005A71BF /* HealthStore.swift */; };
		B95398F029DBC2AD005A71BF /* Step.swift in Sources */ = {isa = PBXBuildFile; fileRef = B95398EF29DBC2AD005A71BF /* Step.swift */; };
		B95398FE29DBFEB6005A71BF /* TabsView.swift in Sources */ = {isa = PBXBuildFile; fileRef = B95398FD29DBFEB6005A71BF /* TabsView.swift */; };
		B953990229DC191E005A71BF /* HomeView.swift in Sources */ = {isa = PBXBuildFile; fileRef = B953990129DC191E005A71BF /* HomeView.swift */; };
		B953990629DC4392005A71BF /* URLImage in Frameworks */ = {isa = PBXBuildFile; productRef = B953990529DC4392005A71BF /* URLImage */; };
		B953990829DC4392005A71BF /* URLImageStore in Frameworks */ = {isa = PBXBuildFile; productRef = B953990729DC4392005A71BF /* URLImageStore */; };
		B953990A29DC4C13005A71BF /* BrowseView.swift in Sources */ = {isa = PBXBuildFile; fileRef = B953990929DC4C13005A71BF /* BrowseView.swift */; };
		B953990C29DC8D19005A71BF /* MeditationView.swift in Sources */ = {isa = PBXBuildFile; fileRef = B953990B29DC8D19005A71BF /* MeditationView.swift */; };
		B953991029DC8DE5005A71BF /* med3.mp3 in Resources */ = {isa = PBXBuildFile; fileRef = B953990D29DC8DE3005A71BF /* med3.mp3 */; };
		B953991129DC8DE5005A71BF /* med1.mp3 in Resources */ = {isa = PBXBuildFile; fileRef = B953990E29DC8DE4005A71BF /* med1.mp3 */; };
		B953991229DC8DE5005A71BF /* med2.mp3 in Resources */ = {isa = PBXBuildFile; fileRef = B953990F29DC8DE5005A71BF /* med2.mp3 */; };
		B953991429DC8F07005A71BF /* SelectMeditationView.swift in Sources */ = {isa = PBXBuildFile; fileRef = B953991329DC8F07005A71BF /* SelectMeditationView.swift */; };
		B953991629DC9391005A71BF /* CircleGroupView.swift in Sources */ = {isa = PBXBuildFile; fileRef = B953991529DC9391005A71BF /* CircleGroupView.swift */; };
		B953991829DC965C005A71BF /* BMIView.swift in Sources */ = {isa = PBXBuildFile; fileRef = B953991729DC965C005A71BF /* BMIView.swift */; };
		B953991A29DC9C9C005A71BF /* ExerciseRoutineView.swift in Sources */ = {isa = PBXBuildFile; fileRef = B953991929DC9C9C005A71BF /* ExerciseRoutineView.swift */; };
		B953991C29DC9CD0005A71BF /* RecipesView.swift in Sources */ = {isa = PBXBuildFile; fileRef = B953991B29DC9CD0005A71BF /* RecipesView.swift */; };
		B953991E29DD45B3005A71BF /* FeedView.swift in Sources */ = {isa = PBXBuildFile; fileRef = B953991D29DD45B2005A71BF /* FeedView.swift */; };
		B953992029DD476B005A71BF /* PostView.swift in Sources */ = {isa = PBXBuildFile; fileRef = B953991F29DD476B005A71BF /* PostView.swift */; };
		B957B37529DDBB87008C23A6 /* ChangeMeasurments.swift in Sources */ = {isa = PBXBuildFile; fileRef = B957B37429DDBB87008C23A6 /* ChangeMeasurments.swift */; };
		B9D6DAD029DEE64A002A65F6 /* LaunchScreen.storyboard in Resources */ = {isa = PBXBuildFile; fileRef = B9D6DACF29DEE64A002A65F6 /* LaunchScreen.storyboard */; };
		B9DB14A329DDCF280023D8CC /* ProfileView2.swift in Sources */ = {isa = PBXBuildFile; fileRef = B9DB14A229DDCF280023D8CC /* ProfileView2.swift */; };
		B9DB14A929DDE5370023D8CC /* DoctorsView.swift in Sources */ = {isa = PBXBuildFile; fileRef = B9DB14A829DDE5370023D8CC /* DoctorsView.swift */; };
		B9DB14AB29DDEC900023D8CC /* DoctorSubView.swift in Sources */ = {isa = PBXBuildFile; fileRef = B9DB14AA29DDEC900023D8CC /* DoctorSubView.swift */; };
		B9F962942BFCCAA900D56CE5 /* GoogleService-Info.plist in Resources */ = {isa = PBXBuildFile; fileRef = B9F962932BFCCAA900D56CE5 /* GoogleService-Info.plist */; };
/* End PBXBuildFile section */

/* Begin PBXFileReference section */
		B9067A092BF8E20000A5EE94 /* UserDefaultKeys.swift */ = {isa = PBXFileReference; lastKnownFileType = sourcecode.swift; path = UserDefaultKeys.swift; sourceTree = "<group>"; };
		B9067A0F2BF8E3DD00A5EE94 /* Application.swift */ = {isa = PBXFileReference; lastKnownFileType = sourcecode.swift; path = Application.swift; sourceTree = "<group>"; };
		B9067A112BF8E41700A5EE94 /* GoogleSignInView.swift */ = {isa = PBXFileReference; lastKnownFileType = sourcecode.swift; path = GoogleSignInView.swift; sourceTree = "<group>"; };
		B9067A132BF8E43100A5EE94 /* GoogleSignInViewModel.swift */ = {isa = PBXFileReference; lastKnownFileType = sourcecode.swift; path = GoogleSignInViewModel.swift; sourceTree = "<group>"; };
		B9067A2A2BF91D4300A5EE94 /* Date+Extension.swift */ = {isa = PBXFileReference; lastKnownFileType = sourcecode.swift; path = "Date+Extension.swift"; sourceTree = "<group>"; };
		B92479EE2BFA2BCB00AF1CAA /* Info.plist */ = {isa = PBXFileReference; lastKnownFileType = text.plist.xml; path = Info.plist; sourceTree = "<group>"; };
		B92479F02BFA357000AF1CAA /* AuthenticationViewModel.swift */ = {isa = PBXFileReference; lastKnownFileType = sourcecode.swift; path = AuthenticationViewModel.swift; sourceTree = "<group>"; };
		B92479F22BFA39DA00AF1CAA /* SignUpWithMobileNumberView.swift */ = {isa = PBXFileReference; lastKnownFileType = sourcecode.swift; path = SignUpWithMobileNumberView.swift; sourceTree = "<group>"; };
		B92479F52BFA3AB100AF1CAA /* Countries.swift */ = {isa = PBXFileReference; lastKnownFileType = sourcecode.swift; path = Countries.swift; sourceTree = "<group>"; };
		B92479F72BFA3BDE00AF1CAA /* Color+Extension.swift */ = {isa = PBXFileReference; lastKnownFileType = sourcecode.swift; path = "Color+Extension.swift"; sourceTree = "<group>"; };
		B92479FA2BFA3D1800AF1CAA /* OTPView.swift */ = {isa = PBXFileReference; lastKnownFileType = sourcecode.swift; path = OTPView.swift; sourceTree = "<group>"; };
		B92479FC2BFA3E8E00AF1CAA /* String+Extension.swift */ = {isa = PBXFileReference; lastKnownFileType = sourcecode.swift; path = "String+Extension.swift"; sourceTree = "<group>"; };
		B95398BA29DB3C75005A71BF /* StayFit.app */ = {isa = PBXFileReference; explicitFileType = wrapper.application; includeInIndex = 0; path = StayFit.app; sourceTree = BUILT_PRODUCTS_DIR; };
		B95398BD29DB3C75005A71BF /* StayFitApp.swift */ = {isa = PBXFileReference; lastKnownFileType = sourcecode.swift; path = StayFitApp.swift; sourceTree = "<group>"; };
		B95398BF29DB3C75005A71BF /* ContentView.swift */ = {isa = PBXFileReference; lastKnownFileType = sourcecode.swift; path = ContentView.swift; sourceTree = "<group>"; };
		B95398C129DB3C77005A71BF /* Assets.xcassets */ = {isa = PBXFileReference; lastKnownFileType = folder.assetcatalog; path = Assets.xcassets; sourceTree = "<group>"; };
		B95398C429DB3C77005A71BF /* Preview Assets.xcassets */ = {isa = PBXFileReference; lastKnownFileType = folder.assetcatalog; path = "Preview Assets.xcassets"; sourceTree = "<group>"; };
		B95398CE29DB3E9B005A71BF /* SignUpView.swift */ = {isa = PBXFileReference; lastKnownFileType = sourcecode.swift; path = SignUpView.swift; sourceTree = "<group>"; };
		B95398D729DB48EC005A71BF /* LogInView.swift */ = {isa = PBXFileReference; lastKnownFileType = sourcecode.swift; path = LogInView.swift; sourceTree = "<group>"; };
		B95398D929DB52C8005A71BF /* AddDetailsView.swift */ = {isa = PBXFileReference; lastKnownFileType = sourcecode.swift; path = AddDetailsView.swift; sourceTree = "<group>"; };
		B95398E329DB709D005A71BF /* ViewModel.swift */ = {isa = PBXFileReference; lastKnownFileType = sourcecode.swift; path = ViewModel.swift; sourceTree = "<group>"; };
		B95398E729DBBAD9005A71BF /* HealthStore.swift */ = {isa = PBXFileReference; lastKnownFileType = sourcecode.swift; path = HealthStore.swift; sourceTree = "<group>"; };
		B95398EF29DBC2AD005A71BF /* Step.swift */ = {isa = PBXFileReference; lastKnownFileType = sourcecode.swift; path = Step.swift; sourceTree = "<group>"; };
		B95398FD29DBFEB6005A71BF /* TabsView.swift */ = {isa = PBXFileReference; lastKnownFileType = sourcecode.swift; path = TabsView.swift; sourceTree = "<group>"; };
		B953990129DC191E005A71BF /* HomeView.swift */ = {isa = PBXFileReference; lastKnownFileType = sourcecode.swift; path = HomeView.swift; sourceTree = "<group>"; };
		B953990329DC2D48005A71BF /* StayFit.entitlements */ = {isa = PBXFileReference; lastKnownFileType = text.plist.entitlements; path = StayFit.entitlements; sourceTree = "<group>"; };
		B953990929DC4C13005A71BF /* BrowseView.swift */ = {isa = PBXFileReference; lastKnownFileType = sourcecode.swift; path = BrowseView.swift; sourceTree = "<group>"; };
		B953990B29DC8D19005A71BF /* MeditationView.swift */ = {isa = PBXFileReference; lastKnownFileType = sourcecode.swift; path = MeditationView.swift; sourceTree = "<group>"; };
		B953990D29DC8DE3005A71BF /* med3.mp3 */ = {isa = PBXFileReference; lastKnownFileType = audio.mp3; path = med3.mp3; sourceTree = "<group>"; };
		B953990E29DC8DE4005A71BF /* med1.mp3 */ = {isa = PBXFileReference; lastKnownFileType = audio.mp3; path = med1.mp3; sourceTree = "<group>"; };
		B953990F29DC8DE5005A71BF /* med2.mp3 */ = {isa = PBXFileReference; lastKnownFileType = audio.mp3; path = med2.mp3; sourceTree = "<group>"; };
		B953991329DC8F07005A71BF /* SelectMeditationView.swift */ = {isa = PBXFileReference; lastKnownFileType = sourcecode.swift; path = SelectMeditationView.swift; sourceTree = "<group>"; };
		B953991529DC9391005A71BF /* CircleGroupView.swift */ = {isa = PBXFileReference; fileEncoding = 4; lastKnownFileType = sourcecode.swift; path = CircleGroupView.swift; sourceTree = "<group>"; };
		B953991729DC965C005A71BF /* BMIView.swift */ = {isa = PBXFileReference; lastKnownFileType = sourcecode.swift; path = BMIView.swift; sourceTree = "<group>"; };
		B953991929DC9C9C005A71BF /* ExerciseRoutineView.swift */ = {isa = PBXFileReference; lastKnownFileType = sourcecode.swift; path = ExerciseRoutineView.swift; sourceTree = "<group>"; };
		B953991B29DC9CD0005A71BF /* RecipesView.swift */ = {isa = PBXFileReference; lastKnownFileType = sourcecode.swift; path = RecipesView.swift; sourceTree = "<group>"; };
		B953991D29DD45B2005A71BF /* FeedView.swift */ = {isa = PBXFileReference; lastKnownFileType = sourcecode.swift; path = FeedView.swift; sourceTree = "<group>"; };
		B953991F29DD476B005A71BF /* PostView.swift */ = {isa = PBXFileReference; lastKnownFileType = sourcecode.swift; path = PostView.swift; sourceTree = "<group>"; };
		B957B37429DDBB87008C23A6 /* ChangeMeasurments.swift */ = {isa = PBXFileReference; lastKnownFileType = sourcecode.swift; path = ChangeMeasurments.swift; sourceTree = "<group>"; };
		B9D6DACF29DEE64A002A65F6 /* LaunchScreen.storyboard */ = {isa = PBXFileReference; lastKnownFileType = file.storyboard; path = LaunchScreen.storyboard; sourceTree = "<group>"; };
		B9DB14A229DDCF280023D8CC /* ProfileView2.swift */ = {isa = PBXFileReference; lastKnownFileType = sourcecode.swift; path = ProfileView2.swift; sourceTree = "<group>"; };
		B9DB14A829DDE5370023D8CC /* DoctorsView.swift */ = {isa = PBXFileReference; lastKnownFileType = sourcecode.swift; path = DoctorsView.swift; sourceTree = "<group>"; };
		B9DB14AA29DDEC900023D8CC /* DoctorSubView.swift */ = {isa = PBXFileReference; lastKnownFileType = sourcecode.swift; path = DoctorSubView.swift; sourceTree = "<group>"; };
		B9F962932BFCCAA900D56CE5 /* GoogleService-Info.plist */ = {isa = PBXFileReference; fileEncoding = 4; lastKnownFileType = text.plist.xml; path = "GoogleService-Info.plist"; sourceTree = "<group>"; };
/* End PBXFileReference section */

/* Begin PBXFrameworksBuildPhase section */
		B95398B729DB3C75005A71BF /* Frameworks */ = {
			isa = PBXFrameworksBuildPhase;
			buildActionMask = 2147483647;
			files = (
				B9067A1E2BF918E000A5EE94 /* FirebaseDatabaseSwift in Frameworks */,
				B953990829DC4392005A71BF /* URLImageStore in Frameworks */,
				B9067A1A2BF918E000A5EE94 /* FirebaseAuth in Frameworks */,
				B9067A1C2BF918E000A5EE94 /* FirebaseDatabase in Frameworks */,
				B953990629DC4392005A71BF /* URLImage in Frameworks */,
				B9067A292BF91A3300A5EE94 /* GoogleSignInSwift in Frameworks */,
				B9067A242BF918E000A5EE94 /* FirebaseStorage in Frameworks */,
				B9067A202BF918E000A5EE94 /* FirebaseFirestore in Frameworks */,
				B9067A222BF918E000A5EE94 /* FirebaseFirestoreCombine-Community in Frameworks */,
				B9067A272BF91A3300A5EE94 /* GoogleSignIn in Frameworks */,
			);
			runOnlyForDeploymentPostprocessing = 0;
		};
/* End PBXFrameworksBuildPhase section */

/* Begin PBXGroup section */
		B9067A002BF8E0E100A5EE94 /* Browse */ = {
			isa = PBXGroup;
			children = (
				B9DB14A829DDE5370023D8CC /* DoctorsView.swift */,
				B9DB14AA29DDEC900023D8CC /* DoctorSubView.swift */,
				B953991529DC9391005A71BF /* CircleGroupView.swift */,
				B953990929DC4C13005A71BF /* BrowseView.swift */,
				B957B37429DDBB87008C23A6 /* ChangeMeasurments.swift */,
				B953991929DC9C9C005A71BF /* ExerciseRoutineView.swift */,
				B953991B29DC9CD0005A71BF /* RecipesView.swift */,
				B953991729DC965C005A71BF /* BMIView.swift */,
				B953990B29DC8D19005A71BF /* MeditationView.swift */,
				B953991329DC8F07005A71BF /* SelectMeditationView.swift */,
			);
			path = Browse;
			sourceTree = "<group>";
		};
		B9067A012BF8E12A00A5EE94 /* Applicaton */ = {
			isa = PBXGroup;
			children = (
				B95398BD29DB3C75005A71BF /* StayFitApp.swift */,
				B9D6DACF29DEE64A002A65F6 /* LaunchScreen.storyboard */,
				B9067A0F2BF8E3DD00A5EE94 /* Application.swift */,
			);
			path = Applicaton;
			sourceTree = "<group>";
		};
		B9067A022BF8E13D00A5EE94 /* UserProfile */ = {
			isa = PBXGroup;
			children = (
				B9DB14A229DDCF280023D8CC /* ProfileView2.swift */,
				B9067A0B2BF8E22700A5EE94 /* Model */,
			);
			path = UserProfile;
			sourceTree = "<group>";
		};
		B9067A032BF8E16A00A5EE94 /* Feed */ = {
			isa = PBXGroup;
			children = (
				B953991D29DD45B2005A71BF /* FeedView.swift */,
				B953991F29DD476B005A71BF /* PostView.swift */,
			);
			path = Feed;
			sourceTree = "<group>";
		};
		B9067A042BF8E18300A5EE94 /* Home */ = {
			isa = PBXGroup;
			children = (
				B953990129DC191E005A71BF /* HomeView.swift */,
				B9067A0D2BF8E33000A5EE94 /* Model */,
				B9067A0C2BF8E31A00A5EE94 /* ViewModel */,
			);
			path = Home;
			sourceTree = "<group>";
		};
		B9067A052BF8E19100A5EE94 /* Resources */ = {
			isa = PBXGroup;
			children = (
				B95398C129DB3C77005A71BF /* Assets.xcassets */,
				B9067A0E2BF8E36300A5EE94 /* AudioFiles */,
			);
			path = Resources;
			sourceTree = "<group>";
		};
		B9067A062BF8E1A200A5EE94 /* Onboarding */ = {
			isa = PBXGroup;
			children = (
				B92479F42BFA3A9900AF1CAA /* Model */,
				B92479EF2BFA355D00AF1CAA /* ViewModel */,
				B92479F92BFA3CDD00AF1CAA /* Views */,
			);
			path = Onboarding;
			sourceTree = "<group>";
		};
		B9067A072BF8E1B100A5EE94 /* SupportingFiles */ = {
			isa = PBXGroup;
			children = (
				B9F962932BFCCAA900D56CE5 /* GoogleService-Info.plist */,
			);
			path = SupportingFiles;
			sourceTree = "<group>";
		};
		B9067A082BF8E1C500A5EE94 /* Extentions */ = {
			isa = PBXGroup;
			children = (
				B9067A2A2BF91D4300A5EE94 /* Date+Extension.swift */,
				B92479F72BFA3BDE00AF1CAA /* Color+Extension.swift */,
				B92479FC2BFA3E8E00AF1CAA /* String+Extension.swift */,
			);
			path = Extentions;
			sourceTree = "<group>";
		};
		B9067A0B2BF8E22700A5EE94 /* Model */ = {
			isa = PBXGroup;
			children = (
				B95398E329DB709D005A71BF /* ViewModel.swift */,
			);
			path = Model;
			sourceTree = "<group>";
		};
		B9067A0C2BF8E31A00A5EE94 /* ViewModel */ = {
			isa = PBXGroup;
			children = (
				B95398E729DBBAD9005A71BF /* HealthStore.swift */,
			);
			path = ViewModel;
			sourceTree = "<group>";
		};
		B9067A0D2BF8E33000A5EE94 /* Model */ = {
			isa = PBXGroup;
			children = (
				B95398EF29DBC2AD005A71BF /* Step.swift */,
			);
			path = Model;
			sourceTree = "<group>";
		};
		B9067A0E2BF8E36300A5EE94 /* AudioFiles */ = {
			isa = PBXGroup;
			children = (
				B953990E29DC8DE4005A71BF /* med1.mp3 */,
				B953990D29DC8DE3005A71BF /* med3.mp3 */,
				B953990F29DC8DE5005A71BF /* med2.mp3 */,
			);
			path = AudioFiles;
			sourceTree = "<group>";
		};
		B9067A182BF918E000A5EE94 /* Frameworks */ = {
			isa = PBXGroup;
			children = (
			);
			name = Frameworks;
			sourceTree = "<group>";
		};
		B92479EF2BFA355D00AF1CAA /* ViewModel */ = {
			isa = PBXGroup;
			children = (
				B9067A132BF8E43100A5EE94 /* GoogleSignInViewModel.swift */,
				B92479F02BFA357000AF1CAA /* AuthenticationViewModel.swift */,
			);
			path = ViewModel;
			sourceTree = "<group>";
		};
		B92479F42BFA3A9900AF1CAA /* Model */ = {
			isa = PBXGroup;
			children = (
				B92479F52BFA3AB100AF1CAA /* Countries.swift */,
			);
			path = Model;
			sourceTree = "<group>";
		};
		B92479F92BFA3CDD00AF1CAA /* Views */ = {
			isa = PBXGroup;
			children = (
				B92479F22BFA39DA00AF1CAA /* SignUpWithMobileNumberView.swift */,
				B95398BF29DB3C75005A71BF /* ContentView.swift */,
				B95398CE29DB3E9B005A71BF /* SignUpView.swift */,
				B95398D729DB48EC005A71BF /* LogInView.swift */,
				B95398D929DB52C8005A71BF /* AddDetailsView.swift */,
				B95398FD29DBFEB6005A71BF /* TabsView.swift */,
				B9067A112BF8E41700A5EE94 /* GoogleSignInView.swift */,
				B92479FA2BFA3D1800AF1CAA /* OTPView.swift */,
			);
			path = Views;
			sourceTree = "<group>";
		};
		B92C13C92C19E49900775A58 /* General */ = {
			isa = PBXGroup;
			children = (
				B92C13CA2C19E4A100775A58 /* ViewModel */,
			);
			path = General;
			sourceTree = "<group>";
		};
		B92C13CA2C19E4A100775A58 /* ViewModel */ = {
			isa = PBXGroup;
			children = (
			);
			path = ViewModel;
			sourceTree = "<group>";
		};
		B95398B129DB3C75005A71BF = {
			isa = PBXGroup;
			children = (
				B95398BC29DB3C75005A71BF /* StayFit */,
				B95398BB29DB3C75005A71BF /* Products */,
				B9067A182BF918E000A5EE94 /* Frameworks */,
			);
			sourceTree = "<group>";
		};
		B95398BB29DB3C75005A71BF /* Products */ = {
			isa = PBXGroup;
			children = (
				B95398BA29DB3C75005A71BF /* StayFit.app */,
			);
			name = Products;
			sourceTree = "<group>";
		};
		B95398BC29DB3C75005A71BF /* StayFit */ = {
			isa = PBXGroup;
			children = (
				B92479EE2BFA2BCB00AF1CAA /* Info.plist */,
				B9067A092BF8E20000A5EE94 /* UserDefaultKeys.swift */,
				B953990329DC2D48005A71BF /* StayFit.entitlements */,
				B9067A022BF8E13D00A5EE94 /* UserProfile */,
				B9067A002BF8E0E100A5EE94 /* Browse */,
				B9067A032BF8E16A00A5EE94 /* Feed */,
				B9067A042BF8E18300A5EE94 /* Home */,
				B9067A052BF8E19100A5EE94 /* Resources */,
				B9067A062BF8E1A200A5EE94 /* Onboarding */,
				B9067A012BF8E12A00A5EE94 /* Applicaton */,
				B9067A072BF8E1B100A5EE94 /* SupportingFiles */,
				B95398C329DB3C77005A71BF /* Preview Content */,
				B9067A082BF8E1C500A5EE94 /* Extentions */,
				B95398DB29DB69B0005A71BF /* Frameworks */,
				B92C13C92C19E49900775A58 /* General */,
			);
			path = StayFit;
			sourceTree = "<group>";
		};
		B95398C329DB3C77005A71BF /* Preview Content */ = {
			isa = PBXGroup;
			children = (
				B95398C429DB3C77005A71BF /* Preview Assets.xcassets */,
			);
			path = "Preview Content";
			sourceTree = "<group>";
		};
		B95398DB29DB69B0005A71BF /* Frameworks */ = {
			isa = PBXGroup;
			children = (
			);
			name = Frameworks;
			path = ..;
			sourceTree = "<group>";
		};
/* End PBXGroup section */

/* Begin PBXNativeTarget section */
		B95398B929DB3C75005A71BF /* StayFit */ = {
			isa = PBXNativeTarget;
			buildConfigurationList = B95398C829DB3C77005A71BF /* Build configuration list for PBXNativeTarget "StayFit" */;
			buildPhases = (
				B95398B629DB3C75005A71BF /* Sources */,
				B95398B729DB3C75005A71BF /* Frameworks */,
				B95398B829DB3C75005A71BF /* Resources */,
			);
			buildRules = (
			);
			dependencies = (
			);
			name = StayFit;
			packageProductDependencies = (
				B953990529DC4392005A71BF /* URLImage */,
				B953990729DC4392005A71BF /* URLImageStore */,
				B9067A192BF918E000A5EE94 /* FirebaseAuth */,
				B9067A1B2BF918E000A5EE94 /* FirebaseDatabase */,
				B9067A1D2BF918E000A5EE94 /* FirebaseDatabaseSwift */,
				B9067A1F2BF918E000A5EE94 /* FirebaseFirestore */,
				B9067A212BF918E000A5EE94 /* FirebaseFirestoreCombine-Community */,
				B9067A232BF918E000A5EE94 /* FirebaseStorage */,
				B9067A262BF91A3300A5EE94 /* GoogleSignIn */,
				B9067A282BF91A3300A5EE94 /* GoogleSignInSwift */,
			);
			productName = StayFit;
			productReference = B95398BA29DB3C75005A71BF /* StayFit.app */;
			productType = "com.apple.product-type.application";
		};
/* End PBXNativeTarget section */

/* Begin PBXProject section */
		B95398B229DB3C75005A71BF /* Project object */ = {
			isa = PBXProject;
			attributes = {
				BuildIndependentTargetsInParallel = 1;
				LastSwiftUpdateCheck = 1420;
				LastUpgradeCheck = 1420;
				TargetAttributes = {
					B95398B929DB3C75005A71BF = {
						CreatedOnToolsVersion = 14.2;
					};
				};
			};
			buildConfigurationList = B95398B529DB3C75005A71BF /* Build configuration list for PBXProject "StayFit" */;
			compatibilityVersion = "Xcode 14.0";
			developmentRegion = en;
			hasScannedForEncodings = 0;
			knownRegions = (
				en,
				Base,
			);
			mainGroup = B95398B129DB3C75005A71BF;
			packageReferences = (
				B953990429DC4391005A71BF /* XCRemoteSwiftPackageReference "url-image" */,
				B9067A172BF9180500A5EE94 /* XCRemoteSwiftPackageReference "firebase-ios-sdk" */,
				B9067A252BF91A3200A5EE94 /* XCRemoteSwiftPackageReference "GoogleSignIn-iOS" */,
			);
			productRefGroup = B95398BB29DB3C75005A71BF /* Products */;
			projectDirPath = "";
			projectRoot = "";
			targets = (
				B95398B929DB3C75005A71BF /* StayFit */,
			);
		};
/* End PBXProject section */

/* Begin PBXResourcesBuildPhase section */
		B95398B829DB3C75005A71BF /* Resources */ = {
			isa = PBXResourcesBuildPhase;
			buildActionMask = 2147483647;
			files = (
				B95398C529DB3C77005A71BF /* Preview Assets.xcassets in Resources */,
				B953991129DC8DE5005A71BF /* med1.mp3 in Resources */,
				B953991229DC8DE5005A71BF /* med2.mp3 in Resources */,
				B95398C229DB3C77005A71BF /* Assets.xcassets in Resources */,
				B9D6DAD029DEE64A002A65F6 /* LaunchScreen.storyboard in Resources */,
				B953991029DC8DE5005A71BF /* med3.mp3 in Resources */,
				B9F962942BFCCAA900D56CE5 /* GoogleService-Info.plist in Resources */,
			);
			runOnlyForDeploymentPostprocessing = 0;
		};
/* End PBXResourcesBuildPhase section */

/* Begin PBXSourcesBuildPhase section */
		B95398B629DB3C75005A71BF /* Sources */ = {
			isa = PBXSourcesBuildPhase;
			buildActionMask = 2147483647;
			files = (
				B953991E29DD45B3005A71BF /* FeedView.swift in Sources */,
				B95398F029DBC2AD005A71BF /* Step.swift in Sources */,
				B953990229DC191E005A71BF /* HomeView.swift in Sources */,
				B953990C29DC8D19005A71BF /* MeditationView.swift in Sources */,
				B92479F32BFA39DA00AF1CAA /* SignUpWithMobileNumberView.swift in Sources */,
				B957B37529DDBB87008C23A6 /* ChangeMeasurments.swift in Sources */,
				B9DB14AB29DDEC900023D8CC /* DoctorSubView.swift in Sources */,
				B95398DA29DB52C8005A71BF /* AddDetailsView.swift in Sources */,
				B92479FD2BFA3E8E00AF1CAA /* String+Extension.swift in Sources */,
				B953992029DD476B005A71BF /* PostView.swift in Sources */,
				B9067A0A2BF8E20000A5EE94 /* UserDefaultKeys.swift in Sources */,
				B9067A122BF8E41700A5EE94 /* GoogleSignInView.swift in Sources */,
				B92479FB2BFA3D1800AF1CAA /* OTPView.swift in Sources */,
				B92479F12BFA357000AF1CAA /* AuthenticationViewModel.swift in Sources */,
				B953991C29DC9CD0005A71BF /* RecipesView.swift in Sources */,
				B9067A102BF8E3DD00A5EE94 /* Application.swift in Sources */,
				B953990A29DC4C13005A71BF /* BrowseView.swift in Sources */,
				B9067A142BF8E43100A5EE94 /* GoogleSignInViewModel.swift in Sources */,
				B953991A29DC9C9C005A71BF /* ExerciseRoutineView.swift in Sources */,
				B95398C029DB3C75005A71BF /* ContentView.swift in Sources */,
				B95398CF29DB3E9B005A71BF /* SignUpView.swift in Sources */,
				B95398FE29DBFEB6005A71BF /* TabsView.swift in Sources */,
				B953991629DC9391005A71BF /* CircleGroupView.swift in Sources */,
				B95398D829DB48EC005A71BF /* LogInView.swift in Sources */,
				B95398E429DB709D005A71BF /* ViewModel.swift in Sources */,
				B92479F82BFA3BDE00AF1CAA /* Color+Extension.swift in Sources */,
				B95398E829DBBAD9005A71BF /* HealthStore.swift in Sources */,
				B953991829DC965C005A71BF /* BMIView.swift in Sources */,
				B92479F62BFA3AB100AF1CAA /* Countries.swift in Sources */,
				B953991429DC8F07005A71BF /* SelectMeditationView.swift in Sources */,
				B9DB14A329DDCF280023D8CC /* ProfileView2.swift in Sources */,
				B9067A2B2BF91D4300A5EE94 /* Date+Extension.swift in Sources */,
				B9DB14A929DDE5370023D8CC /* DoctorsView.swift in Sources */,
				B95398BE29DB3C75005A71BF /* StayFitApp.swift in Sources */,
			);
			runOnlyForDeploymentPostprocessing = 0;
		};
/* End PBXSourcesBuildPhase section */

/* Begin XCBuildConfiguration section */
		B95398C629DB3C77005A71BF /* Debug */ = {
			isa = XCBuildConfiguration;
			buildSettings = {
				ALWAYS_SEARCH_USER_PATHS = NO;
				CLANG_ANALYZER_NONNULL = YES;
				CLANG_ANALYZER_NUMBER_OBJECT_CONVERSION = YES_AGGRESSIVE;
				CLANG_CXX_LANGUAGE_STANDARD = "gnu++20";
				CLANG_ENABLE_MODULES = YES;
				CLANG_ENABLE_OBJC_ARC = YES;
				CLANG_ENABLE_OBJC_WEAK = YES;
				CLANG_WARN_BLOCK_CAPTURE_AUTORELEASING = YES;
				CLANG_WARN_BOOL_CONVERSION = YES;
				CLANG_WARN_COMMA = YES;
				CLANG_WARN_CONSTANT_CONVERSION = YES;
				CLANG_WARN_DEPRECATED_OBJC_IMPLEMENTATIONS = YES;
				CLANG_WARN_DIRECT_OBJC_ISA_USAGE = YES_ERROR;
				CLANG_WARN_DOCUMENTATION_COMMENTS = YES;
				CLANG_WARN_EMPTY_BODY = YES;
				CLANG_WARN_ENUM_CONVERSION = YES;
				CLANG_WARN_INFINITE_RECURSION = YES;
				CLANG_WARN_INT_CONVERSION = YES;
				CLANG_WARN_NON_LITERAL_NULL_CONVERSION = YES;
				CLANG_WARN_OBJC_IMPLICIT_RETAIN_SELF = YES;
				CLANG_WARN_OBJC_LITERAL_CONVERSION = YES;
				CLANG_WARN_OBJC_ROOT_CLASS = YES_ERROR;
				CLANG_WARN_QUOTED_INCLUDE_IN_FRAMEWORK_HEADER = YES;
				CLANG_WARN_RANGE_LOOP_ANALYSIS = YES;
				CLANG_WARN_STRICT_PROTOTYPES = YES;
				CLANG_WARN_SUSPICIOUS_MOVE = YES;
				CLANG_WARN_UNGUARDED_AVAILABILITY = YES_AGGRESSIVE;
				CLANG_WARN_UNREACHABLE_CODE = YES;
				CLANG_WARN__DUPLICATE_METHOD_MATCH = YES;
				COPY_PHASE_STRIP = NO;
				DEBUG_INFORMATION_FORMAT = dwarf;
				ENABLE_STRICT_OBJC_MSGSEND = YES;
				ENABLE_TESTABILITY = YES;
				GCC_C_LANGUAGE_STANDARD = gnu11;
				GCC_DYNAMIC_NO_PIC = NO;
				GCC_NO_COMMON_BLOCKS = YES;
				GCC_OPTIMIZATION_LEVEL = 0;
				GCC_PREPROCESSOR_DEFINITIONS = (
					"DEBUG=1",
					"$(inherited)",
				);
				GCC_WARN_64_TO_32_BIT_CONVERSION = YES;
				GCC_WARN_ABOUT_RETURN_TYPE = YES_ERROR;
				GCC_WARN_UNDECLARED_SELECTOR = YES;
				GCC_WARN_UNINITIALIZED_AUTOS = YES_AGGRESSIVE;
				GCC_WARN_UNUSED_FUNCTION = YES;
				GCC_WARN_UNUSED_VARIABLE = YES;
				IPHONEOS_DEPLOYMENT_TARGET = 16.0;
				MTL_ENABLE_DEBUG_INFO = INCLUDE_SOURCE;
				MTL_FAST_MATH = YES;
				ONLY_ACTIVE_ARCH = YES;
				SDKROOT = iphoneos;
				SWIFT_ACTIVE_COMPILATION_CONDITIONS = DEBUG;
				SWIFT_OPTIMIZATION_LEVEL = "-Onone";
			};
			name = Debug;
		};
		B95398C729DB3C77005A71BF /* Release */ = {
			isa = XCBuildConfiguration;
			buildSettings = {
				ALWAYS_SEARCH_USER_PATHS = NO;
				CLANG_ANALYZER_NONNULL = YES;
				CLANG_ANALYZER_NUMBER_OBJECT_CONVERSION = YES_AGGRESSIVE;
				CLANG_CXX_LANGUAGE_STANDARD = "gnu++20";
				CLANG_ENABLE_MODULES = YES;
				CLANG_ENABLE_OBJC_ARC = YES;
				CLANG_ENABLE_OBJC_WEAK = YES;
				CLANG_WARN_BLOCK_CAPTURE_AUTORELEASING = YES;
				CLANG_WARN_BOOL_CONVERSION = YES;
				CLANG_WARN_COMMA = YES;
				CLANG_WARN_CONSTANT_CONVERSION = YES;
				CLANG_WARN_DEPRECATED_OBJC_IMPLEMENTATIONS = YES;
				CLANG_WARN_DIRECT_OBJC_ISA_USAGE = YES_ERROR;
				CLANG_WARN_DOCUMENTATION_COMMENTS = YES;
				CLANG_WARN_EMPTY_BODY = YES;
				CLANG_WARN_ENUM_CONVERSION = YES;
				CLANG_WARN_INFINITE_RECURSION = YES;
				CLANG_WARN_INT_CONVERSION = YES;
				CLANG_WARN_NON_LITERAL_NULL_CONVERSION = YES;
				CLANG_WARN_OBJC_IMPLICIT_RETAIN_SELF = YES;
				CLANG_WARN_OBJC_LITERAL_CONVERSION = YES;
				CLANG_WARN_OBJC_ROOT_CLASS = YES_ERROR;
				CLANG_WARN_QUOTED_INCLUDE_IN_FRAMEWORK_HEADER = YES;
				CLANG_WARN_RANGE_LOOP_ANALYSIS = YES;
				CLANG_WARN_STRICT_PROTOTYPES = YES;
				CLANG_WARN_SUSPICIOUS_MOVE = YES;
				CLANG_WARN_UNGUARDED_AVAILABILITY = YES_AGGRESSIVE;
				CLANG_WARN_UNREACHABLE_CODE = YES;
				CLANG_WARN__DUPLICATE_METHOD_MATCH = YES;
				COPY_PHASE_STRIP = NO;
				DEBUG_INFORMATION_FORMAT = "dwarf-with-dsym";
				ENABLE_NS_ASSERTIONS = NO;
				ENABLE_STRICT_OBJC_MSGSEND = YES;
				GCC_C_LANGUAGE_STANDARD = gnu11;
				GCC_NO_COMMON_BLOCKS = YES;
				GCC_WARN_64_TO_32_BIT_CONVERSION = YES;
				GCC_WARN_ABOUT_RETURN_TYPE = YES_ERROR;
				GCC_WARN_UNDECLARED_SELECTOR = YES;
				GCC_WARN_UNINITIALIZED_AUTOS = YES_AGGRESSIVE;
				GCC_WARN_UNUSED_FUNCTION = YES;
				GCC_WARN_UNUSED_VARIABLE = YES;
				IPHONEOS_DEPLOYMENT_TARGET = 16.0;
				MTL_ENABLE_DEBUG_INFO = NO;
				MTL_FAST_MATH = YES;
				SDKROOT = iphoneos;
				SWIFT_COMPILATION_MODE = wholemodule;
				SWIFT_OPTIMIZATION_LEVEL = "-O";
				VALIDATE_PRODUCT = YES;
			};
			name = Release;
		};
		B95398C929DB3C77005A71BF /* Debug */ = {
			isa = XCBuildConfiguration;
			buildSettings = {
				ASSETCATALOG_COMPILER_APPICON_NAME = AppIcon;
				ASSETCATALOG_COMPILER_GLOBAL_ACCENT_COLOR_NAME = AccentColor;
				ASSETCATALOG_COMPILER_INCLUDE_ALL_APPICON_ASSETS = YES;
				CODE_SIGN_ENTITLEMENTS = StayFit/StayFit.entitlements;
				CODE_SIGN_STYLE = Automatic;
				CURRENT_PROJECT_VERSION = 1;
				DEVELOPMENT_ASSET_PATHS = "\"StayFit/Preview Content\"";
				DEVELOPMENT_TEAM = M46DPRX7BA;
				ENABLE_PREVIEWS = YES;
				GENERATE_INFOPLIST_FILE = YES;
				INFOPLIST_FILE = StayFit/Info.plist;
				INFOPLIST_KEY_NSHealthShareUsageDescription = "This app requires to access Health Data";
				INFOPLIST_KEY_NSHealthUpdateUsageDescription = "This app requires to access Health Data";
				INFOPLIST_KEY_UIApplicationSceneManifest_Generation = YES;
				INFOPLIST_KEY_UIApplicationSupportsIndirectInputEvents = YES;
				INFOPLIST_KEY_UILaunchScreen_Generation = YES;
				INFOPLIST_KEY_UILaunchStoryboardName = LaunchScreen.storyboard;
				INFOPLIST_KEY_UISupportedInterfaceOrientations_iPad = "UIInterfaceOrientationPortrait UIInterfaceOrientationPortraitUpsideDown UIInterfaceOrientationLandscapeLeft UIInterfaceOrientationLandscapeRight";
				INFOPLIST_KEY_UISupportedInterfaceOrientations_iPhone = "UIInterfaceOrientationPortrait UIInterfaceOrientationLandscapeLeft UIInterfaceOrientationLandscapeRight";
				IPHONEOS_DEPLOYMENT_TARGET = 16.0;
				LD_RUNPATH_SEARCH_PATHS = (
					"$(inherited)",
					"@executable_path/Frameworks",
				);
				MARKETING_VERSION = 1.0;
				PRODUCT_BUNDLE_IDENTIFIER = com.rishabhlalwani.StayFit;
				PRODUCT_NAME = "$(TARGET_NAME)";
				SWIFT_EMIT_LOC_STRINGS = YES;
				SWIFT_VERSION = 5.0;
				TARGETED_DEVICE_FAMILY = "1,2";
			};
			name = Debug;
		};
		B95398CA29DB3C77005A71BF /* Release */ = {
			isa = XCBuildConfiguration;
			buildSettings = {
				ASSETCATALOG_COMPILER_APPICON_NAME = AppIcon;
				ASSETCATALOG_COMPILER_GLOBAL_ACCENT_COLOR_NAME = AccentColor;
				ASSETCATALOG_COMPILER_INCLUDE_ALL_APPICON_ASSETS = YES;
				CODE_SIGN_ENTITLEMENTS = StayFit/StayFit.entitlements;
				CODE_SIGN_STYLE = Automatic;
				CURRENT_PROJECT_VERSION = 1;
				DEVELOPMENT_ASSET_PATHS = "\"StayFit/Preview Content\"";
				DEVELOPMENT_TEAM = M46DPRX7BA;
				ENABLE_PREVIEWS = YES;
				GENERATE_INFOPLIST_FILE = YES;
				INFOPLIST_FILE = StayFit/Info.plist;
				INFOPLIST_KEY_NSHealthShareUsageDescription = "This app requires to access Health Data";
				INFOPLIST_KEY_NSHealthUpdateUsageDescription = "This app requires to access Health Data";
				INFOPLIST_KEY_UIApplicationSceneManifest_Generation = YES;
				INFOPLIST_KEY_UIApplicationSupportsIndirectInputEvents = YES;
				INFOPLIST_KEY_UILaunchScreen_Generation = YES;
				INFOPLIST_KEY_UILaunchStoryboardName = LaunchScreen.storyboard;
				INFOPLIST_KEY_UISupportedInterfaceOrientations_iPad = "UIInterfaceOrientationPortrait UIInterfaceOrientationPortraitUpsideDown UIInterfaceOrientationLandscapeLeft UIInterfaceOrientationLandscapeRight";
				INFOPLIST_KEY_UISupportedInterfaceOrientations_iPhone = "UIInterfaceOrientationPortrait UIInterfaceOrientationLandscapeLeft UIInterfaceOrientationLandscapeRight";
				IPHONEOS_DEPLOYMENT_TARGET = 16.0;
				LD_RUNPATH_SEARCH_PATHS = (
					"$(inherited)",
					"@executable_path/Frameworks",
				);
				MARKETING_VERSION = 1.0;
				PRODUCT_BUNDLE_IDENTIFIER = com.rishabhlalwani.StayFit;
				PRODUCT_NAME = "$(TARGET_NAME)";
				SWIFT_EMIT_LOC_STRINGS = YES;
				SWIFT_VERSION = 5.0;
				TARGETED_DEVICE_FAMILY = "1,2";
			};
			name = Release;
		};
		B95398F329DBC898005A71BF /* Debug copy */ = {
			isa = XCBuildConfiguration;
			buildSettings = {
				ALWAYS_SEARCH_USER_PATHS = NO;
				CLANG_ANALYZER_NONNULL = YES;
				CLANG_ANALYZER_NUMBER_OBJECT_CONVERSION = YES_AGGRESSIVE;
				CLANG_CXX_LANGUAGE_STANDARD = "gnu++20";
				CLANG_ENABLE_MODULES = YES;
				CLANG_ENABLE_OBJC_ARC = YES;
				CLANG_ENABLE_OBJC_WEAK = YES;
				CLANG_WARN_BLOCK_CAPTURE_AUTORELEASING = YES;
				CLANG_WARN_BOOL_CONVERSION = YES;
				CLANG_WARN_COMMA = YES;
				CLANG_WARN_CONSTANT_CONVERSION = YES;
				CLANG_WARN_DEPRECATED_OBJC_IMPLEMENTATIONS = YES;
				CLANG_WARN_DIRECT_OBJC_ISA_USAGE = YES_ERROR;
				CLANG_WARN_DOCUMENTATION_COMMENTS = YES;
				CLANG_WARN_EMPTY_BODY = YES;
				CLANG_WARN_ENUM_CONVERSION = YES;
				CLANG_WARN_INFINITE_RECURSION = YES;
				CLANG_WARN_INT_CONVERSION = YES;
				CLANG_WARN_NON_LITERAL_NULL_CONVERSION = YES;
				CLANG_WARN_OBJC_IMPLICIT_RETAIN_SELF = YES;
				CLANG_WARN_OBJC_LITERAL_CONVERSION = YES;
				CLANG_WARN_OBJC_ROOT_CLASS = YES_ERROR;
				CLANG_WARN_QUOTED_INCLUDE_IN_FRAMEWORK_HEADER = YES;
				CLANG_WARN_RANGE_LOOP_ANALYSIS = YES;
				CLANG_WARN_STRICT_PROTOTYPES = YES;
				CLANG_WARN_SUSPICIOUS_MOVE = YES;
				CLANG_WARN_UNGUARDED_AVAILABILITY = YES_AGGRESSIVE;
				CLANG_WARN_UNREACHABLE_CODE = YES;
				CLANG_WARN__DUPLICATE_METHOD_MATCH = YES;
				COPY_PHASE_STRIP = NO;
				DEBUG_INFORMATION_FORMAT = dwarf;
				ENABLE_STRICT_OBJC_MSGSEND = YES;
				ENABLE_TESTABILITY = YES;
				GCC_C_LANGUAGE_STANDARD = gnu11;
				GCC_DYNAMIC_NO_PIC = NO;
				GCC_NO_COMMON_BLOCKS = YES;
				GCC_OPTIMIZATION_LEVEL = 0;
				GCC_PREPROCESSOR_DEFINITIONS = (
					"DEBUG=1",
					"$(inherited)",
				);
				GCC_WARN_64_TO_32_BIT_CONVERSION = YES;
				GCC_WARN_ABOUT_RETURN_TYPE = YES_ERROR;
				GCC_WARN_UNDECLARED_SELECTOR = YES;
				GCC_WARN_UNINITIALIZED_AUTOS = YES_AGGRESSIVE;
				GCC_WARN_UNUSED_FUNCTION = YES;
				GCC_WARN_UNUSED_VARIABLE = YES;
				IPHONEOS_DEPLOYMENT_TARGET = 16.0;
				MTL_ENABLE_DEBUG_INFO = INCLUDE_SOURCE;
				MTL_FAST_MATH = YES;
				ONLY_ACTIVE_ARCH = YES;
				SDKROOT = iphoneos;
				SWIFT_ACTIVE_COMPILATION_CONDITIONS = DEBUG;
				SWIFT_OPTIMIZATION_LEVEL = "-Onone";
			};
			name = "Debug copy";
		};
		B95398F429DBC898005A71BF /* Debug copy */ = {
			isa = XCBuildConfiguration;
			buildSettings = {
				ASSETCATALOG_COMPILER_APPICON_NAME = AppIcon;
				ASSETCATALOG_COMPILER_GLOBAL_ACCENT_COLOR_NAME = AccentColor;
				ASSETCATALOG_COMPILER_INCLUDE_ALL_APPICON_ASSETS = YES;
				CODE_SIGN_ENTITLEMENTS = StayFit/StayFit.entitlements;
				CODE_SIGN_STYLE = Automatic;
				CURRENT_PROJECT_VERSION = 1;
				DEVELOPMENT_ASSET_PATHS = "\"StayFit/Preview Content\"";
				DEVELOPMENT_TEAM = M46DPRX7BA;
				ENABLE_PREVIEWS = YES;
				GENERATE_INFOPLIST_FILE = YES;
				INFOPLIST_FILE = StayFit/Info.plist;
				INFOPLIST_KEY_NSHealthShareUsageDescription = "This app requires to access Health Data";
				INFOPLIST_KEY_NSHealthUpdateUsageDescription = "This app requires to access Health Data";
				INFOPLIST_KEY_UIApplicationSceneManifest_Generation = YES;
				INFOPLIST_KEY_UIApplicationSupportsIndirectInputEvents = YES;
				INFOPLIST_KEY_UILaunchScreen_Generation = YES;
				INFOPLIST_KEY_UILaunchStoryboardName = LaunchScreen.storyboard;
				INFOPLIST_KEY_UISupportedInterfaceOrientations_iPad = "UIInterfaceOrientationPortrait UIInterfaceOrientationPortraitUpsideDown UIInterfaceOrientationLandscapeLeft UIInterfaceOrientationLandscapeRight";
				INFOPLIST_KEY_UISupportedInterfaceOrientations_iPhone = "UIInterfaceOrientationPortrait UIInterfaceOrientationLandscapeLeft UIInterfaceOrientationLandscapeRight";
				IPHONEOS_DEPLOYMENT_TARGET = 16.0;
				LD_RUNPATH_SEARCH_PATHS = (
					"$(inherited)",
					"@executable_path/Frameworks",
				);
				MARKETING_VERSION = 1.0;
				PRODUCT_BUNDLE_IDENTIFIER = com.rishabhlalwani.StayFit;
				PRODUCT_NAME = "$(TARGET_NAME)";
				SWIFT_EMIT_LOC_STRINGS = YES;
				SWIFT_VERSION = 5.0;
				TARGETED_DEVICE_FAMILY = "1,2";
			};
			name = "Debug copy";
		};
/* End XCBuildConfiguration section */

/* Begin XCConfigurationList section */
		B95398B529DB3C75005A71BF /* Build configuration list for PBXProject "StayFit" */ = {
			isa = XCConfigurationList;
			buildConfigurations = (
				B95398C629DB3C77005A71BF /* Debug */,
				B95398F329DBC898005A71BF /* Debug copy */,
				B95398C729DB3C77005A71BF /* Release */,
			);
			defaultConfigurationIsVisible = 0;
			defaultConfigurationName = Release;
		};
		B95398C829DB3C77005A71BF /* Build configuration list for PBXNativeTarget "StayFit" */ = {
			isa = XCConfigurationList;
			buildConfigurations = (
				B95398C929DB3C77005A71BF /* Debug */,
				B95398F429DBC898005A71BF /* Debug copy */,
				B95398CA29DB3C77005A71BF /* Release */,
			);
			defaultConfigurationIsVisible = 0;
			defaultConfigurationName = Release;
		};
/* End XCConfigurationList section */

/* Begin XCRemoteSwiftPackageReference section */
		B9067A172BF9180500A5EE94 /* XCRemoteSwiftPackageReference "firebase-ios-sdk" */ = {
			isa = XCRemoteSwiftPackageReference;
			repositoryURL = "https://github.com/firebase/firebase-ios-sdk.git";
			requirement = {
				kind = upToNextMajorVersion;
				minimumVersion = 10.26.0;
			};
		};
		B9067A252BF91A3200A5EE94 /* XCRemoteSwiftPackageReference "GoogleSignIn-iOS" */ = {
			isa = XCRemoteSwiftPackageReference;
			repositoryURL = "https://github.com/google/GoogleSignIn-iOS.git";
			requirement = {
				kind = upToNextMajorVersion;
				minimumVersion = 7.1.0;
			};
		};
		B953990429DC4391005A71BF /* XCRemoteSwiftPackageReference "url-image" */ = {
			isa = XCRemoteSwiftPackageReference;
			repositoryURL = "https://github.com/dmytro-anokhin/url-image.git";
			requirement = {
				kind = upToNextMajorVersion;
				minimumVersion = 3.0.0;
			};
		};
/* End XCRemoteSwiftPackageReference section */

/* Begin XCSwiftPackageProductDependency section */
		B9067A192BF918E000A5EE94 /* FirebaseAuth */ = {
			isa = XCSwiftPackageProductDependency;
			package = B9067A172BF9180500A5EE94 /* XCRemoteSwiftPackageReference "firebase-ios-sdk" */;
			productName = FirebaseAuth;
		};
		B9067A1B2BF918E000A5EE94 /* FirebaseDatabase */ = {
			isa = XCSwiftPackageProductDependency;
			package = B9067A172BF9180500A5EE94 /* XCRemoteSwiftPackageReference "firebase-ios-sdk" */;
			productName = FirebaseDatabase;
		};
		B9067A1D2BF918E000A5EE94 /* FirebaseDatabaseSwift */ = {
			isa = XCSwiftPackageProductDependency;
			package = B9067A172BF9180500A5EE94 /* XCRemoteSwiftPackageReference "firebase-ios-sdk" */;
			productName = FirebaseDatabaseSwift;
		};
		B9067A1F2BF918E000A5EE94 /* FirebaseFirestore */ = {
			isa = XCSwiftPackageProductDependency;
			package = B9067A172BF9180500A5EE94 /* XCRemoteSwiftPackageReference "firebase-ios-sdk" */;
			productName = FirebaseFirestore;
		};
		B9067A212BF918E000A5EE94 /* FirebaseFirestoreCombine-Community */ = {
			isa = XCSwiftPackageProductDependency;
			package = B9067A172BF9180500A5EE94 /* XCRemoteSwiftPackageReference "firebase-ios-sdk" */;
			productName = "FirebaseFirestoreCombine-Community";
		};
		B9067A232BF918E000A5EE94 /* FirebaseStorage */ = {
			isa = XCSwiftPackageProductDependency;
			package = B9067A172BF9180500A5EE94 /* XCRemoteSwiftPackageReference "firebase-ios-sdk" */;
			productName = FirebaseStorage;
		};
		B9067A262BF91A3300A5EE94 /* GoogleSignIn */ = {
			isa = XCSwiftPackageProductDependency;
			package = B9067A252BF91A3200A5EE94 /* XCRemoteSwiftPackageReference "GoogleSignIn-iOS" */;
			productName = GoogleSignIn;
		};
		B9067A282BF91A3300A5EE94 /* GoogleSignInSwift */ = {
			isa = XCSwiftPackageProductDependency;
			package = B9067A252BF91A3200A5EE94 /* XCRemoteSwiftPackageReference "GoogleSignIn-iOS" */;
			productName = GoogleSignInSwift;
		};
		B953990529DC4392005A71BF /* URLImage */ = {
			isa = XCSwiftPackageProductDependency;
			package = B953990429DC4391005A71BF /* XCRemoteSwiftPackageReference "url-image" */;
			productName = URLImage;
		};
		B953990729DC4392005A71BF /* URLImageStore */ = {
			isa = XCSwiftPackageProductDependency;
			package = B953990429DC4391005A71BF /* XCRemoteSwiftPackageReference "url-image" */;
			productName = URLImageStore;
		};
/* End XCSwiftPackageProductDependency section */
	};
	rootObject = B95398B229DB3C75005A71BF /* Project object */;
}
