// !$*UTF8*$!
{
	archiveVersion = 1;
	classes = {
	};
	objectVersion = 56;
	objects = {

/* Begin PBXBuildFile section */
		B95398BE29DB3C75005A71BF /* StayFitApp.swift in Sources */ = {isa = PBXBuildFile; fileRef = B95398BD29DB3C75005A71BF /* StayFitApp.swift */; };
		B95398C029DB3C75005A71BF /* ContentView.swift in Sources */ = {isa = PBXBuildFile; fileRef = B95398BF29DB3C75005A71BF /* ContentView.swift */; };
		B95398C229DB3C77005A71BF /* Assets.xcassets in Resources */ = {isa = PBXBuildFile; fileRef = B95398C129DB3C77005A71BF /* Assets.xcassets */; };
		B95398C529DB3C77005A71BF /* Preview Assets.xcassets in Resources */ = {isa = PBXBuildFile; fileRef = B95398C429DB3C77005A71BF /* Preview Assets.xcassets */; };
		B95398CF29DB3E9B005A71BF /* SignUpView.swift in Sources */ = {isa = PBXBuildFile; fileRef = B95398CE29DB3E9B005A71BF /* SignUpView.swift */; };
		B95398D229DB42E0005A71BF /* FirebaseAuth in Frameworks */ = {isa = PBXBuildFile; productRef = B95398D129DB42E0005A71BF /* FirebaseAuth */; };
		B95398D429DB42E0005A71BF /* FirebaseFirestore in Frameworks */ = {isa = PBXBuildFile; productRef = B95398D329DB42E0005A71BF /* FirebaseFirestore */; };
		B95398D629DB443F005A71BF /* GoogleService-Info.plist in Resources */ = {isa = PBXBuildFile; fileRef = B95398D529DB443F005A71BF /* GoogleService-Info.plist */; };
		B95398D829DB48EC005A71BF /* LogInView.swift in Sources */ = {isa = PBXBuildFile; fileRef = B95398D729DB48EC005A71BF /* LogInView.swift */; };
		B95398DA29DB52C8005A71BF /* AddDetailsView.swift in Sources */ = {isa = PBXBuildFile; fileRef = B95398D929DB52C8005A71BF /* AddDetailsView.swift */; };
		B95398DD29DB69B0005A71BF /* FirebaseDatabase in Frameworks */ = {isa = PBXBuildFile; productRef = B95398DC29DB69B0005A71BF /* FirebaseDatabase */; };
		B95398DF29DB69B0005A71BF /* FirebaseDatabaseSwift in Frameworks */ = {isa = PBXBuildFile; productRef = B95398DE29DB69B0005A71BF /* FirebaseDatabaseSwift */; };
		B95398E429DB709D005A71BF /* ViewModel.swift in Sources */ = {isa = PBXBuildFile; fileRef = B95398E329DB709D005A71BF /* ViewModel.swift */; };
		B95398E829DBBAD9005A71BF /* HealthStore.swift in Sources */ = {isa = PBXBuildFile; fileRef = B95398E729DBBAD9005A71BF /* HealthStore.swift */; };
		B95398F029DBC2AD005A71BF /* Step.swift in Sources */ = {isa = PBXBuildFile; fileRef = B95398EF29DBC2AD005A71BF /* Step.swift */; };
		B95398F629DBCE53005A71BF /* TestView.swift in Sources */ = {isa = PBXBuildFile; fileRef = B95398F529DBCE53005A71BF /* TestView.swift */; };
		B95398F829DBE853005A71BF /* FirebaseStorage in Frameworks */ = {isa = PBXBuildFile; productRef = B95398F729DBE853005A71BF /* FirebaseStorage */; };
		B95398FA29DBE854005A71BF /* FirebaseStorageCombine-Community in Frameworks */ = {isa = PBXBuildFile; productRef = B95398F929DBE854005A71BF /* FirebaseStorageCombine-Community */; };
		B95398FE29DBFEB6005A71BF /* TabsView.swift in Sources */ = {isa = PBXBuildFile; fileRef = B95398FD29DBFEB6005A71BF /* TabsView.swift */; };
		B953990229DC191E005A71BF /* HomeView.swift in Sources */ = {isa = PBXBuildFile; fileRef = B953990129DC191E005A71BF /* HomeView.swift */; };
		B953990629DC4392005A71BF /* URLImage in Frameworks */ = {isa = PBXBuildFile; productRef = B953990529DC4392005A71BF /* URLImage */; };
		B953990829DC4392005A71BF /* URLImageStore in Frameworks */ = {isa = PBXBuildFile; productRef = B953990729DC4392005A71BF /* URLImageStore */; };
		B953990A29DC4C13005A71BF /* BrowseView.swift in Sources */ = {isa = PBXBuildFile; fileRef = B953990929DC4C13005A71BF /* BrowseView.swift */; };
		B953990C29DC8D19005A71BF /* MeditationView.swift in Sources */ = {isa = PBXBuildFile; fileRef = B953990B29DC8D19005A71BF /* MeditationView.swift */; };
		B953991029DC8DE5005A71BF /* med3.mp3 in Resources */ = {isa = PBXBuildFile; fileRef = B953990D29DC8DE3005A71BF /* med3.mp3 */; };
		B953991129DC8DE5005A71BF /* med1.mp3 in Resources */ = {isa = PBXBuildFile; fileRef = B953990E29DC8DE4005A71BF /* med1.mp3 */; };
		B953991229DC8DE5005A71BF /* med2.mp3 in Resources */ = {isa = PBXBuildFile; fileRef = B953990F29DC8DE5005A71BF /* med2.mp3 */; };
		B953991429DC8F07005A71BF /* SelectMeditationView.swift in Sources */ = {isa = PBXBuildFile; fileRef = B953991329DC8F07005A71BF /* SelectMeditationView.swift */; };
		B953991629DC9391005A71BF /* CircleGroupView.swift in Sources */ = {isa = PBXBuildFile; fileRef = B953991529DC9391005A71BF /* CircleGroupView.swift */; };
		B953991829DC965C005A71BF /* BMIView.swift in Sources */ = {isa = PBXBuildFile; fileRef = B953991729DC965C005A71BF /* BMIView.swift */; };
		B953991A29DC9C9C005A71BF /* ExerciseRoutineView.swift in Sources */ = {isa = PBXBuildFile; fileRef = B953991929DC9C9C005A71BF /* ExerciseRoutineView.swift */; };
		B953991C29DC9CD0005A71BF /* RecipesView.swift in Sources */ = {isa = PBXBuildFile; fileRef = B953991B29DC9CD0005A71BF /* RecipesView.swift */; };
		B953991E29DD45B3005A71BF /* FeedView.swift in Sources */ = {isa = PBXBuildFile; fileRef = B953991D29DD45B2005A71BF /* FeedView.swift */; };
		B953992029DD476B005A71BF /* PostView.swift in Sources */ = {isa = PBXBuildFile; fileRef = B953991F29DD476B005A71BF /* PostView.swift */; };
		B957B37529DDBB87008C23A6 /* ChangeMeasurments.swift in Sources */ = {isa = PBXBuildFile; fileRef = B957B37429DDBB87008C23A6 /* ChangeMeasurments.swift */; };
		B9D6DAD029DEE64A002A65F6 /* LaunchScreen.storyboard in Resources */ = {isa = PBXBuildFile; fileRef = B9D6DACF29DEE64A002A65F6 /* LaunchScreen.storyboard */; };
		B9DB14A329DDCF280023D8CC /* ProfileView2.swift in Sources */ = {isa = PBXBuildFile; fileRef = B9DB14A229DDCF280023D8CC /* ProfileView2.swift */; };
		B9DB14A929DDE5370023D8CC /* DoctorsView.swift in Sources */ = {isa = PBXBuildFile; fileRef = B9DB14A829DDE5370023D8CC /* DoctorsView.swift */; };
		B9DB14AB29DDEC900023D8CC /* DoctorSubView.swift in Sources */ = {isa = PBXBuildFile; fileRef = B9DB14AA29DDEC900023D8CC /* DoctorSubView.swift */; };
/* End PBXBuildFile section */

/* Begin PBXFileReference section */
		B95398BA29DB3C75005A71BF /* StayFit.app */ = {isa = PBXFileReference; explicitFileType = wrapper.application; includeInIndex = 0; path = StayFit.app; sourceTree = BUILT_PRODUCTS_DIR; };
		B95398BD29DB3C75005A71BF /* StayFitApp.swift */ = {isa = PBXFileReference; lastKnownFileType = sourcecode.swift; path = StayFitApp.swift; sourceTree = "<group>"; };
		B95398BF29DB3C75005A71BF /* ContentView.swift */ = {isa = PBXFileReference; lastKnownFileType = sourcecode.swift; path = ContentView.swift; sourceTree = "<group>"; };
		B95398C129DB3C77005A71BF /* Assets.xcassets */ = {isa = PBXFileReference; lastKnownFileType = folder.assetcatalog; path = Assets.xcassets; sourceTree = "<group>"; };
		B95398C429DB3C77005A71BF /* Preview Assets.xcassets */ = {isa = PBXFileReference; lastKnownFileType = folder.assetcatalog; path = "Preview Assets.xcassets"; sourceTree = "<group>"; };
		B95398CE29DB3E9B005A71BF /* SignUpView.swift */ = {isa = PBXFileReference; lastKnownFileType = sourcecode.swift; path = SignUpView.swift; sourceTree = "<group>"; };
		B95398D529DB443F005A71BF /* GoogleService-Info.plist */ = {isa = PBXFileReference; fileEncoding = 4; lastKnownFileType = text.plist.xml; path = "GoogleService-Info.plist"; sourceTree = "<group>"; };
		B95398D729DB48EC005A71BF /* LogInView.swift */ = {isa = PBXFileReference; lastKnownFileType = sourcecode.swift; path = LogInView.swift; sourceTree = "<group>"; };
		B95398D929DB52C8005A71BF /* AddDetailsView.swift */ = {isa = PBXFileReference; lastKnownFileType = sourcecode.swift; path = AddDetailsView.swift; sourceTree = "<group>"; };
		B95398E329DB709D005A71BF /* ViewModel.swift */ = {isa = PBXFileReference; lastKnownFileType = sourcecode.swift; path = ViewModel.swift; sourceTree = "<group>"; };
		B95398E729DBBAD9005A71BF /* HealthStore.swift */ = {isa = PBXFileReference; lastKnownFileType = sourcecode.swift; path = HealthStore.swift; sourceTree = "<group>"; };
		B95398EF29DBC2AD005A71BF /* Step.swift */ = {isa = PBXFileReference; lastKnownFileType = sourcecode.swift; path = Step.swift; sourceTree = "<group>"; };
		B95398F529DBCE53005A71BF /* TestView.swift */ = {isa = PBXFileReference; lastKnownFileType = sourcecode.swift; path = TestView.swift; sourceTree = "<group>"; };
		B95398FD29DBFEB6005A71BF /* TabsView.swift */ = {isa = PBXFileReference; lastKnownFileType = sourcecode.swift; path = TabsView.swift; sourceTree = "<group>"; };
		B953990129DC191E005A71BF /* HomeView.swift */ = {isa = PBXFileReference; lastKnownFileType = sourcecode.swift; path = HomeView.swift; sourceTree = "<group>"; };
		B953990329DC2D48005A71BF /* StayFit.entitlements */ = {isa = PBXFileReference; lastKnownFileType = text.plist.entitlements; path = StayFit.entitlements; sourceTree = "<group>"; };
		B953990929DC4C13005A71BF /* BrowseView.swift */ = {isa = PBXFileReference; lastKnownFileType = sourcecode.swift; path = BrowseView.swift; sourceTree = "<group>"; };
		B953990B29DC8D19005A71BF /* MeditationView.swift */ = {isa = PBXFileReference; lastKnownFileType = sourcecode.swift; path = MeditationView.swift; sourceTree = "<group>"; };
		B953990D29DC8DE3005A71BF /* med3.mp3 */ = {isa = PBXFileReference; lastKnownFileType = audio.mp3; path = med3.mp3; sourceTree = "<group>"; };
		B953990E29DC8DE4005A71BF /* med1.mp3 */ = {isa = PBXFileReference; lastKnownFileType = audio.mp3; path = med1.mp3; sourceTree = "<group>"; };
		B953990F29DC8DE5005A71BF /* med2.mp3 */ = {isa = PBXFileReference; lastKnownFileType = audio.mp3; path = med2.mp3; sourceTree = "<group>"; };
		B953991329DC8F07005A71BF /* SelectMeditationView.swift */ = {isa = PBXFileReference; lastKnownFileType = sourcecode.swift; path = SelectMeditationView.swift; sourceTree = "<group>"; };
		B953991529DC9391005A71BF /* CircleGroupView.swift */ = {isa = PBXFileReference; fileEncoding = 4; lastKnownFileType = sourcecode.swift; path = CircleGroupView.swift; sourceTree = "<group>"; };
		B953991729DC965C005A71BF /* BMIView.swift */ = {isa = PBXFileReference; lastKnownFileType = sourcecode.swift; path = BMIView.swift; sourceTree = "<group>"; };
		B953991929DC9C9C005A71BF /* ExerciseRoutineView.swift */ = {isa = PBXFileReference; lastKnownFileType = sourcecode.swift; path = ExerciseRoutineView.swift; sourceTree = "<group>"; };
		B953991B29DC9CD0005A71BF /* RecipesView.swift */ = {isa = PBXFileReference; lastKnownFileType = sourcecode.swift; path = RecipesView.swift; sourceTree = "<group>"; };
		B953991D29DD45B2005A71BF /* FeedView.swift */ = {isa = PBXFileReference; lastKnownFileType = sourcecode.swift; path = FeedView.swift; sourceTree = "<group>"; };
		B953991F29DD476B005A71BF /* PostView.swift */ = {isa = PBXFileReference; lastKnownFileType = sourcecode.swift; path = PostView.swift; sourceTree = "<group>"; };
		B957B37429DDBB87008C23A6 /* ChangeMeasurments.swift */ = {isa = PBXFileReference; lastKnownFileType = sourcecode.swift; path = ChangeMeasurments.swift; sourceTree = "<group>"; };
		B9D6DACF29DEE64A002A65F6 /* LaunchScreen.storyboard */ = {isa = PBXFileReference; lastKnownFileType = file.storyboard; path = LaunchScreen.storyboard; sourceTree = "<group>"; };
		B9DB14A229DDCF280023D8CC /* ProfileView2.swift */ = {isa = PBXFileReference; lastKnownFileType = sourcecode.swift; path = ProfileView2.swift; sourceTree = "<group>"; };
		B9DB14A829DDE5370023D8CC /* DoctorsView.swift */ = {isa = PBXFileReference; lastKnownFileType = sourcecode.swift; path = DoctorsView.swift; sourceTree = "<group>"; };
		B9DB14AA29DDEC900023D8CC /* DoctorSubView.swift */ = {isa = PBXFileReference; lastKnownFileType = sourcecode.swift; path = DoctorSubView.swift; sourceTree = "<group>"; };
/* End PBXFileReference section */

/* Begin PBXFrameworksBuildPhase section */
		B95398B729DB3C75005A71BF /* Frameworks */ = {
			isa = PBXFrameworksBuildPhase;
			buildActionMask = 2147483647;
			files = (
				B953990829DC4392005A71BF /* URLImageStore in Frameworks */,
				B95398DF29DB69B0005A71BF /* FirebaseDatabaseSwift in Frameworks */,
				B95398DD29DB69B0005A71BF /* FirebaseDatabase in Frameworks */,
				B95398D229DB42E0005A71BF /* FirebaseAuth in Frameworks */,
				B95398F829DBE853005A71BF /* FirebaseStorage in Frameworks */,
				B953990629DC4392005A71BF /* URLImage in Frameworks */,
				B95398FA29DBE854005A71BF /* FirebaseStorageCombine-Community in Frameworks */,
				B95398D429DB42E0005A71BF /* FirebaseFirestore in Frameworks */,
			);
			runOnlyForDeploymentPostprocessing = 0;
		};
/* End PBXFrameworksBuildPhase section */

/* Begin PBXGroup section */
		B95398B129DB3C75005A71BF = {
			isa = PBXGroup;
			children = (
				B95398BC29DB3C75005A71BF /* StayFit */,
				B95398BB29DB3C75005A71BF /* Products */,
				B95398DB29DB69B0005A71BF /* Frameworks */,
			);
			sourceTree = "<group>";
		};
		B95398BB29DB3C75005A71BF /* Products */ = {
			isa = PBXGroup;
			children = (
				B95398BA29DB3C75005A71BF /* StayFit.app */,
			);
			name = Products;
			sourceTree = "<group>";
		};
		B95398BC29DB3C75005A71BF /* StayFit */ = {
			isa = PBXGroup;
			children = (
				B953990329DC2D48005A71BF /* StayFit.entitlements */,
				B95398E029DB6F6A005A71BF /* Model */,
				B95398C129DB3C77005A71BF /* Assets.xcassets */,
				B95398CB29DB3E42005A71BF /* Views */,
				B95398C329DB3C77005A71BF /* Preview Content */,
				B95398D529DB443F005A71BF /* GoogleService-Info.plist */,
			);
			path = StayFit;
			sourceTree = "<group>";
		};
		B95398C329DB3C77005A71BF /* Preview Content */ = {
			isa = PBXGroup;
			children = (
				B95398C429DB3C77005A71BF /* Preview Assets.xcassets */,
			);
			path = "Preview Content";
			sourceTree = "<group>";
		};
		B95398CB29DB3E42005A71BF /* Views */ = {
			isa = PBXGroup;
			children = (
				B95398CD29DB3E58005A71BF /* Screens */,
				B95398CC29DB3E4E005A71BF /* SubViews */,
			);
			path = Views;
			sourceTree = "<group>";
		};
		B95398CC29DB3E4E005A71BF /* SubViews */ = {
			isa = PBXGroup;
			children = (
				B953991529DC9391005A71BF /* CircleGroupView.swift */,
				B953991F29DD476B005A71BF /* PostView.swift */,
				B9DB14AA29DDEC900023D8CC /* DoctorSubView.swift */,
			);
			path = SubViews;
			sourceTree = "<group>";
		};
		B95398CD29DB3E58005A71BF /* Screens */ = {
			isa = PBXGroup;
			children = (
				B95398BD29DB3C75005A71BF /* StayFitApp.swift */,
				B95398BF29DB3C75005A71BF /* ContentView.swift */,
				B95398CE29DB3E9B005A71BF /* SignUpView.swift */,
				B95398D729DB48EC005A71BF /* LogInView.swift */,
				B95398FD29DBFEB6005A71BF /* TabsView.swift */,
				B95398D929DB52C8005A71BF /* AddDetailsView.swift */,
				B95398F529DBCE53005A71BF /* TestView.swift */,
				B9DB14A229DDCF280023D8CC /* ProfileView2.swift */,
				B953990129DC191E005A71BF /* HomeView.swift */,
				B953990929DC4C13005A71BF /* BrowseView.swift */,
				B953991329DC8F07005A71BF /* SelectMeditationView.swift */,
				B953990B29DC8D19005A71BF /* MeditationView.swift */,
				B953991729DC965C005A71BF /* BMIView.swift */,
				B953991929DC9C9C005A71BF /* ExerciseRoutineView.swift */,
				B953991B29DC9CD0005A71BF /* RecipesView.swift */,
				B953991D29DD45B2005A71BF /* FeedView.swift */,
				B957B37429DDBB87008C23A6 /* ChangeMeasurments.swift */,
				B9DB14A829DDE5370023D8CC /* DoctorsView.swift */,
			);
			path = Screens;
			sourceTree = "<group>";
		};
		B95398DB29DB69B0005A71BF /* Frameworks */ = {
			isa = PBXGroup;
			children = (
			);
			name = Frameworks;
			sourceTree = "<group>";
		};
		B95398E029DB6F6A005A71BF /* Model */ = {
			isa = PBXGroup;
			children = (
				B953990E29DC8DE4005A71BF /* med1.mp3 */,
				B953990F29DC8DE5005A71BF /* med2.mp3 */,
				B953990D29DC8DE3005A71BF /* med3.mp3 */,
				B95398E329DB709D005A71BF /* ViewModel.swift */,
				B95398E729DBBAD9005A71BF /* HealthStore.swift */,
				B95398EF29DBC2AD005A71BF /* Step.swift */,
				B9D6DACF29DEE64A002A65F6 /* LaunchScreen.storyboard */,
			);
			path = Model;
			sourceTree = "<group>";
		};
/* End PBXGroup section */

/* Begin PBXNativeTarget section */
		B95398B929DB3C75005A71BF /* StayFit */ = {
			isa = PBXNativeTarget;
			buildConfigurationList = B95398C829DB3C77005A71BF /* Build configuration list for PBXNativeTarget "StayFit" */;
			buildPhases = (
				B95398B629DB3C75005A71BF /* Sources */,
				B95398B729DB3C75005A71BF /* Frameworks */,
				B95398B829DB3C75005A71BF /* Resources */,
			);
			buildRules = (
			);
			dependencies = (
			);
			name = StayFit;
			packageProductDependencies = (
				B95398D129DB42E0005A71BF /* FirebaseAuth */,
				B95398D329DB42E0005A71BF /* FirebaseFirestore */,
				B95398DC29DB69B0005A71BF /* FirebaseDatabase */,
				B95398DE29DB69B0005A71BF /* FirebaseDatabaseSwift */,
				B95398F729DBE853005A71BF /* FirebaseStorage */,
				B95398F929DBE854005A71BF /* FirebaseStorageCombine-Community */,
				B953990529DC4392005A71BF /* URLImage */,
				B953990729DC4392005A71BF /* URLImageStore */,
			);
			productName = StayFit;
			productReference = B95398BA29DB3C75005A71BF /* StayFit.app */;
			productType = "com.apple.product-type.application";
		};
/* End PBXNativeTarget section */

/* Begin PBXProject section */
		B95398B229DB3C75005A71BF /* Project object */ = {
			isa = PBXProject;
			attributes = {
				BuildIndependentTargetsInParallel = 1;
				LastSwiftUpdateCheck = 1420;
				LastUpgradeCheck = 1420;
				TargetAttributes = {
					B95398B929DB3C75005A71BF = {
						CreatedOnToolsVersion = 14.2;
					};
				};
			};
			buildConfigurationList = B95398B529DB3C75005A71BF /* Build configuration list for PBXProject "StayFit" */;
			compatibilityVersion = "Xcode 14.0";
			developmentRegion = en;
			hasScannedForEncodings = 0;
			knownRegions = (
				en,
				Base,
			);
			mainGroup = B95398B129DB3C75005A71BF;
			packageReferences = (
				B95398D029DB42E0005A71BF /* XCRemoteSwiftPackageReference "firebase-ios-sdk" */,
				B953990429DC4391005A71BF /* XCRemoteSwiftPackageReference "url-image" */,
			);
			productRefGroup = B95398BB29DB3C75005A71BF /* Products */;
			projectDirPath = "";
			projectRoot = "";
			targets = (
				B95398B929DB3C75005A71BF /* StayFit */,
			);
		};
/* End PBXProject section */

/* Begin PBXResourcesBuildPhase section */
		B95398B829DB3C75005A71BF /* Resources */ = {
			isa = PBXResourcesBuildPhase;
			buildActionMask = 2147483647;
			files = (
				B95398C529DB3C77005A71BF /* Preview Assets.xcassets in Resources */,
				B953991129DC8DE5005A71BF /* med1.mp3 in Resources */,
				B953991229DC8DE5005A71BF /* med2.mp3 in Resources */,
				B95398C229DB3C77005A71BF /* Assets.xcassets in Resources */,
				B9D6DAD029DEE64A002A65F6 /* LaunchScreen.storyboard in Resources */,
				B95398D629DB443F005A71BF /* GoogleService-Info.plist in Resources */,
				B953991029DC8DE5005A71BF /* med3.mp3 in Resources */,
			);
			runOnlyForDeploymentPostprocessing = 0;
		};
/* End PBXResourcesBuildPhase section */

/* Begin PBXSourcesBuildPhase section */
		B95398B629DB3C75005A71BF /* Sources */ = {
			isa = PBXSourcesBuildPhase;
			buildActionMask = 2147483647;
			files = (
				B953991E29DD45B3005A71BF /* FeedView.swift in Sources */,
				B95398F029DBC2AD005A71BF /* Step.swift in Sources */,
				B953990229DC191E005A71BF /* HomeView.swift in Sources */,
				B953990C29DC8D19005A71BF /* MeditationView.swift in Sources */,
				B957B37529DDBB87008C23A6 /* ChangeMeasurments.swift in Sources */,
				B95398F629DBCE53005A71BF /* TestView.swift in Sources */,
				B9DB14AB29DDEC900023D8CC /* DoctorSubView.swift in Sources */,
				B95398DA29DB52C8005A71BF /* AddDetailsView.swift in Sources */,
				B953992029DD476B005A71BF /* PostView.swift in Sources */,
				B953991C29DC9CD0005A71BF /* RecipesView.swift in Sources */,
				B953990A29DC4C13005A71BF /* BrowseView.swift in Sources */,
				B953991A29DC9C9C005A71BF /* ExerciseRoutineView.swift in Sources */,
				B95398C029DB3C75005A71BF /* ContentView.swift in Sources */,
				B95398CF29DB3E9B005A71BF /* SignUpView.swift in Sources */,
				B95398FE29DBFEB6005A71BF /* TabsView.swift in Sources */,
				B953991629DC9391005A71BF /* CircleGroupView.swift in Sources */,
				B95398D829DB48EC005A71BF /* LogInView.swift in Sources */,
				B95398E429DB709D005A71BF /* ViewModel.swift in Sources */,
				B95398E829DBBAD9005A71BF /* HealthStore.swift in Sources */,
				B953991829DC965C005A71BF /* BMIView.swift in Sources */,
				B953991429DC8F07005A71BF /* SelectMeditationView.swift in Sources */,
				B9DB14A329DDCF280023D8CC /* ProfileView2.swift in Sources */,
				B9DB14A929DDE5370023D8CC /* DoctorsView.swift in Sources */,
				B95398BE29DB3C75005A71BF /* StayFitApp.swift in Sources */,
			);
			runOnlyForDeploymentPostprocessing = 0;
		};
/* End PBXSourcesBuildPhase section */

/* Begin XCBuildConfiguration section */
		B95398C629DB3C77005A71BF /* Debug */ = {
			isa = XCBuildConfiguration;
			buildSettings = {
				ALWAYS_SEARCH_USER_PATHS = NO;
				CLANG_ANALYZER_NONNULL = YES;
				CLANG_ANALYZER_NUMBER_OBJECT_CONVERSION = YES_AGGRESSIVE;
				CLANG_CXX_LANGUAGE_STANDARD = "gnu++20";
				CLANG_ENABLE_MODULES = YES;
				CLANG_ENABLE_OBJC_ARC = YES;
				CLANG_ENABLE_OBJC_WEAK = YES;
				CLANG_WARN_BLOCK_CAPTURE_AUTORELEASING = YES;
				CLANG_WARN_BOOL_CONVERSION = YES;
				CLANG_WARN_COMMA = YES;
				CLANG_WARN_CONSTANT_CONVERSION = YES;
				CLANG_WARN_DEPRECATED_OBJC_IMPLEMENTATIONS = YES;
				CLANG_WARN_DIRECT_OBJC_ISA_USAGE = YES_ERROR;
				CLANG_WARN_DOCUMENTATION_COMMENTS = YES;
				CLANG_WARN_EMPTY_BODY = YES;
				CLANG_WARN_ENUM_CONVERSION = YES;
				CLANG_WARN_INFINITE_RECURSION = YES;
				CLANG_WARN_INT_CONVERSION = YES;
				CLANG_WARN_NON_LITERAL_NULL_CONVERSION = YES;
				CLANG_WARN_OBJC_IMPLICIT_RETAIN_SELF = YES;
				CLANG_WARN_OBJC_LITERAL_CONVERSION = YES;
				CLANG_WARN_OBJC_ROOT_CLASS = YES_ERROR;
				CLANG_WARN_QUOTED_INCLUDE_IN_FRAMEWORK_HEADER = YES;
				CLANG_WARN_RANGE_LOOP_ANALYSIS = YES;
				CLANG_WARN_STRICT_PROTOTYPES = YES;
				CLANG_WARN_SUSPICIOUS_MOVE = YES;
				CLANG_WARN_UNGUARDED_AVAILABILITY = YES_AGGRESSIVE;
				CLANG_WARN_UNREACHABLE_CODE = YES;
				CLANG_WARN__DUPLICATE_METHOD_MATCH = YES;
				COPY_PHASE_STRIP = NO;
				DEBUG_INFORMATION_FORMAT = dwarf;
				ENABLE_STRICT_OBJC_MSGSEND = YES;
				ENABLE_TESTABILITY = YES;
				GCC_C_LANGUAGE_STANDARD = gnu11;
				GCC_DYNAMIC_NO_PIC = NO;
				GCC_NO_COMMON_BLOCKS = YES;
				GCC_OPTIMIZATION_LEVEL = 0;
				GCC_PREPROCESSOR_DEFINITIONS = (
					"DEBUG=1",
					"$(inherited)",
				);
				GCC_WARN_64_TO_32_BIT_CONVERSION = YES;
				GCC_WARN_ABOUT_RETURN_TYPE = YES_ERROR;
				GCC_WARN_UNDECLARED_SELECTOR = YES;
				GCC_WARN_UNINITIALIZED_AUTOS = YES_AGGRESSIVE;
				GCC_WARN_UNUSED_FUNCTION = YES;
				GCC_WARN_UNUSED_VARIABLE = YES;
				IPHONEOS_DEPLOYMENT_TARGET = 16.2;
				MTL_ENABLE_DEBUG_INFO = INCLUDE_SOURCE;
				MTL_FAST_MATH = YES;
				ONLY_ACTIVE_ARCH = YES;
				SDKROOT = iphoneos;
				SWIFT_ACTIVE_COMPILATION_CONDITIONS = DEBUG;
				SWIFT_OPTIMIZATION_LEVEL = "-Onone";
			};
			name = Debug;
		};
		B95398C729DB3C77005A71BF /* Release */ = {
			isa = XCBuildConfiguration;
			buildSettings = {
				ALWAYS_SEARCH_USER_PATHS = NO;
				CLANG_ANALYZER_NONNULL = YES;
				CLANG_ANALYZER_NUMBER_OBJECT_CONVERSION = YES_AGGRESSIVE;
				CLANG_CXX_LANGUAGE_STANDARD = "gnu++20";
				CLANG_ENABLE_MODULES = YES;
				CLANG_ENABLE_OBJC_ARC = YES;
				CLANG_ENABLE_OBJC_WEAK = YES;
				CLANG_WARN_BLOCK_CAPTURE_AUTORELEASING = YES;
				CLANG_WARN_BOOL_CONVERSION = YES;
				CLANG_WARN_COMMA = YES;
				CLANG_WARN_CONSTANT_CONVERSION = YES;
				CLANG_WARN_DEPRECATED_OBJC_IMPLEMENTATIONS = YES;
				CLANG_WARN_DIRECT_OBJC_ISA_USAGE = YES_ERROR;
				CLANG_WARN_DOCUMENTATION_COMMENTS = YES;
				CLANG_WARN_EMPTY_BODY = YES;
				CLANG_WARN_ENUM_CONVERSION = YES;
				CLANG_WARN_INFINITE_RECURSION = YES;
				CLANG_WARN_INT_CONVERSION = YES;
				CLANG_WARN_NON_LITERAL_NULL_CONVERSION = YES;
				CLANG_WARN_OBJC_IMPLICIT_RETAIN_SELF = YES;
				CLANG_WARN_OBJC_LITERAL_CONVERSION = YES;
				CLANG_WARN_OBJC_ROOT_CLASS = YES_ERROR;
				CLANG_WARN_QUOTED_INCLUDE_IN_FRAMEWORK_HEADER = YES;
				CLANG_WARN_RANGE_LOOP_ANALYSIS = YES;
				CLANG_WARN_STRICT_PROTOTYPES = YES;
				CLANG_WARN_SUSPICIOUS_MOVE = YES;
				CLANG_WARN_UNGUARDED_AVAILABILITY = YES_AGGRESSIVE;
				CLANG_WARN_UNREACHABLE_CODE = YES;
				CLANG_WARN__DUPLICATE_METHOD_MATCH = YES;
				COPY_PHASE_STRIP = NO;
				DEBUG_INFORMATION_FORMAT = "dwarf-with-dsym";
				ENABLE_NS_ASSERTIONS = NO;
				ENABLE_STRICT_OBJC_MSGSEND = YES;
				GCC_C_LANGUAGE_STANDARD = gnu11;
				GCC_NO_COMMON_BLOCKS = YES;
				GCC_WARN_64_TO_32_BIT_CONVERSION = YES;
				GCC_WARN_ABOUT_RETURN_TYPE = YES_ERROR;
				GCC_WARN_UNDECLARED_SELECTOR = YES;
				GCC_WARN_UNINITIALIZED_AUTOS = YES_AGGRESSIVE;
				GCC_WARN_UNUSED_FUNCTION = YES;
				GCC_WARN_UNUSED_VARIABLE = YES;
				IPHONEOS_DEPLOYMENT_TARGET = 16.2;
				MTL_ENABLE_DEBUG_INFO = NO;
				MTL_FAST_MATH = YES;
				SDKROOT = iphoneos;
				SWIFT_COMPILATION_MODE = wholemodule;
				SWIFT_OPTIMIZATION_LEVEL = "-O";
				VALIDATE_PRODUCT = YES;
			};
			name = Release;
		};
		B95398C929DB3C77005A71BF /* Debug */ = {
			isa = XCBuildConfiguration;
			buildSettings = {
				ASSETCATALOG_COMPILER_APPICON_NAME = AppIcon;
				ASSETCATALOG_COMPILER_GLOBAL_ACCENT_COLOR_NAME = AccentColor;
				ASSETCATALOG_COMPILER_INCLUDE_ALL_APPICON_ASSETS = YES;
				CODE_SIGN_ENTITLEMENTS = StayFit/StayFit.entitlements;
				CODE_SIGN_STYLE = Automatic;
				CURRENT_PROJECT_VERSION = 1;
				DEVELOPMENT_ASSET_PATHS = "\"StayFit/Preview Content\"";
				DEVELOPMENT_TEAM = M46DPRX7BA;
				ENABLE_PREVIEWS = YES;
				GENERATE_INFOPLIST_FILE = YES;
				INFOPLIST_KEY_NSHealthShareUsageDescription = "This app requires to access Health Data";
				INFOPLIST_KEY_NSHealthUpdateUsageDescription = "This app requires to access Health Data";
				INFOPLIST_KEY_UIApplicationSceneManifest_Generation = YES;
				INFOPLIST_KEY_UIApplicationSupportsIndirectInputEvents = YES;
				INFOPLIST_KEY_UILaunchScreen_Generation = YES;
				INFOPLIST_KEY_UILaunchStoryboardName = LaunchScreen.storyboard;
				INFOPLIST_KEY_UISupportedInterfaceOrientations_iPad = "UIInterfaceOrientationPortrait UIInterfaceOrientationPortraitUpsideDown UIInterfaceOrientationLandscapeLeft UIInterfaceOrientationLandscapeRight";
				INFOPLIST_KEY_UISupportedInterfaceOrientations_iPhone = "UIInterfaceOrientationPortrait UIInterfaceOrientationLandscapeLeft UIInterfaceOrientationLandscapeRight";
				IPHONEOS_DEPLOYMENT_TARGET = 14.0;
				LD_RUNPATH_SEARCH_PATHS = (
					"$(inherited)",
					"@executable_path/Frameworks",
				);
				MARKETING_VERSION = 1.0;
				PRODUCT_BUNDLE_IDENTIFIER = com.rishabhlalwani.StayFit;
				PRODUCT_NAME = "$(TARGET_NAME)";
				SWIFT_EMIT_LOC_STRINGS = YES;
				SWIFT_VERSION = 5.0;
				TARGETED_DEVICE_FAMILY = "1,2";
			};
			name = Debug;
		};
		B95398CA29DB3C77005A71BF /* Release */ = {
			isa = XCBuildConfiguration;
			buildSettings = {
				ASSETCATALOG_COMPILER_APPICON_NAME = AppIcon;
				ASSETCATALOG_COMPILER_GLOBAL_ACCENT_COLOR_NAME = AccentColor;
				ASSETCATALOG_COMPILER_INCLUDE_ALL_APPICON_ASSETS = YES;
				CODE_SIGN_ENTITLEMENTS = StayFit/StayFit.entitlements;
				CODE_SIGN_STYLE = Automatic;
				CURRENT_PROJECT_VERSION = 1;
				DEVELOPMENT_ASSET_PATHS = "\"StayFit/Preview Content\"";
				DEVELOPMENT_TEAM = M46DPRX7BA;
				ENABLE_PREVIEWS = YES;
				GENERATE_INFOPLIST_FILE = YES;
				INFOPLIST_KEY_NSHealthShareUsageDescription = "This app requires to access Health Data";
				INFOPLIST_KEY_NSHealthUpdateUsageDescription = "This app requires to access Health Data";
				INFOPLIST_KEY_UIApplicationSceneManifest_Generation = YES;
				INFOPLIST_KEY_UIApplicationSupportsIndirectInputEvents = YES;
				INFOPLIST_KEY_UILaunchScreen_Generation = YES;
				INFOPLIST_KEY_UILaunchStoryboardName = LaunchScreen.storyboard;
				INFOPLIST_KEY_UISupportedInterfaceOrientations_iPad = "UIInterfaceOrientationPortrait UIInterfaceOrientationPortraitUpsideDown UIInterfaceOrientationLandscapeLeft UIInterfaceOrientationLandscapeRight";
				INFOPLIST_KEY_UISupportedInterfaceOrientations_iPhone = "UIInterfaceOrientationPortrait UIInterfaceOrientationLandscapeLeft UIInterfaceOrientationLandscapeRight";
				IPHONEOS_DEPLOYMENT_TARGET = 14.0;
				LD_RUNPATH_SEARCH_PATHS = (
					"$(inherited)",
					"@executable_path/Frameworks",
				);
				MARKETING_VERSION = 1.0;
				PRODUCT_BUNDLE_IDENTIFIER = com.rishabhlalwani.StayFit;
				PRODUCT_NAME = "$(TARGET_NAME)";
				SWIFT_EMIT_LOC_STRINGS = YES;
				SWIFT_VERSION = 5.0;
				TARGETED_DEVICE_FAMILY = "1,2";
			};
			name = Release;
		};
		B95398F329DBC898005A71BF /* Debug copy */ = {
			isa = XCBuildConfiguration;
			buildSettings = {
				ALWAYS_SEARCH_USER_PATHS = NO;
				CLANG_ANALYZER_NONNULL = YES;
				CLANG_ANALYZER_NUMBER_OBJECT_CONVERSION = YES_AGGRESSIVE;
				CLANG_CXX_LANGUAGE_STANDARD = "gnu++20";
				CLANG_ENABLE_MODULES = YES;
				CLANG_ENABLE_OBJC_ARC = YES;
				CLANG_ENABLE_OBJC_WEAK = YES;
				CLANG_WARN_BLOCK_CAPTURE_AUTORELEASING = YES;
				CLANG_WARN_BOOL_CONVERSION = YES;
				CLANG_WARN_COMMA = YES;
				CLANG_WARN_CONSTANT_CONVERSION = YES;
				CLANG_WARN_DEPRECATED_OBJC_IMPLEMENTATIONS = YES;
				CLANG_WARN_DIRECT_OBJC_ISA_USAGE = YES_ERROR;
				CLANG_WARN_DOCUMENTATION_COMMENTS = YES;
				CLANG_WARN_EMPTY_BODY = YES;
				CLANG_WARN_ENUM_CONVERSION = YES;
				CLANG_WARN_INFINITE_RECURSION = YES;
				CLANG_WARN_INT_CONVERSION = YES;
				CLANG_WARN_NON_LITERAL_NULL_CONVERSION = YES;
				CLANG_WARN_OBJC_IMPLICIT_RETAIN_SELF = YES;
				CLANG_WARN_OBJC_LITERAL_CONVERSION = YES;
				CLANG_WARN_OBJC_ROOT_CLASS = YES_ERROR;
				CLANG_WARN_QUOTED_INCLUDE_IN_FRAMEWORK_HEADER = YES;
				CLANG_WARN_RANGE_LOOP_ANALYSIS = YES;
				CLANG_WARN_STRICT_PROTOTYPES = YES;
				CLANG_WARN_SUSPICIOUS_MOVE = YES;
				CLANG_WARN_UNGUARDED_AVAILABILITY = YES_AGGRESSIVE;
				CLANG_WARN_UNREACHABLE_CODE = YES;
				CLANG_WARN__DUPLICATE_METHOD_MATCH = YES;
				COPY_PHASE_STRIP = NO;
				DEBUG_INFORMATION_FORMAT = dwarf;
				ENABLE_STRICT_OBJC_MSGSEND = YES;
				ENABLE_TESTABILITY = YES;
				GCC_C_LANGUAGE_STANDARD = gnu11;
				GCC_DYNAMIC_NO_PIC = NO;
				GCC_NO_COMMON_BLOCKS = YES;
				GCC_OPTIMIZATION_LEVEL = 0;
				GCC_PREPROCESSOR_DEFINITIONS = (
					"DEBUG=1",
					"$(inherited)",
				);
				GCC_WARN_64_TO_32_BIT_CONVERSION = YES;
				GCC_WARN_ABOUT_RETURN_TYPE = YES_ERROR;
				GCC_WARN_UNDECLARED_SELECTOR = YES;
				GCC_WARN_UNINITIALIZED_AUTOS = YES_AGGRESSIVE;
				GCC_WARN_UNUSED_FUNCTION = YES;
				GCC_WARN_UNUSED_VARIABLE = YES;
				IPHONEOS_DEPLOYMENT_TARGET = 16.2;
				MTL_ENABLE_DEBUG_INFO = INCLUDE_SOURCE;
				MTL_FAST_MATH = YES;
				ONLY_ACTIVE_ARCH = YES;
				SDKROOT = iphoneos;
				SWIFT_ACTIVE_COMPILATION_CONDITIONS = DEBUG;
				SWIFT_OPTIMIZATION_LEVEL = "-Onone";
			};
			name = "Debug copy";
		};
		B95398F429DBC898005A71BF /* Debug copy */ = {
			isa = XCBuildConfiguration;
			buildSettings = {
				ASSETCATALOG_COMPILER_APPICON_NAME = AppIcon;
				ASSETCATALOG_COMPILER_GLOBAL_ACCENT_COLOR_NAME = AccentColor;
				ASSETCATALOG_COMPILER_INCLUDE_ALL_APPICON_ASSETS = YES;
				CODE_SIGN_ENTITLEMENTS = StayFit/StayFit.entitlements;
				CODE_SIGN_STYLE = Automatic;
				CURRENT_PROJECT_VERSION = 1;
				DEVELOPMENT_ASSET_PATHS = "\"StayFit/Preview Content\"";
				DEVELOPMENT_TEAM = M46DPRX7BA;
				ENABLE_PREVIEWS = YES;
				GENERATE_INFOPLIST_FILE = YES;
				INFOPLIST_KEY_NSHealthShareUsageDescription = "This app requires to access Health Data";
				INFOPLIST_KEY_NSHealthUpdateUsageDescription = "This app requires to access Health Data";
				INFOPLIST_KEY_UIApplicationSceneManifest_Generation = YES;
				INFOPLIST_KEY_UIApplicationSupportsIndirectInputEvents = YES;
				INFOPLIST_KEY_UILaunchScreen_Generation = YES;
				INFOPLIST_KEY_UILaunchStoryboardName = LaunchScreen.storyboard;
				INFOPLIST_KEY_UISupportedInterfaceOrientations_iPad = "UIInterfaceOrientationPortrait UIInterfaceOrientationPortraitUpsideDown UIInterfaceOrientationLandscapeLeft UIInterfaceOrientationLandscapeRight";
				INFOPLIST_KEY_UISupportedInterfaceOrientations_iPhone = "UIInterfaceOrientationPortrait UIInterfaceOrientationLandscapeLeft UIInterfaceOrientationLandscapeRight";
				IPHONEOS_DEPLOYMENT_TARGET = 14.0;
				LD_RUNPATH_SEARCH_PATHS = (
					"$(inherited)",
					"@executable_path/Frameworks",
				);
				MARKETING_VERSION = 1.0;
				PRODUCT_BUNDLE_IDENTIFIER = com.rishabhlalwani.StayFit;
				PRODUCT_NAME = "$(TARGET_NAME)";
				SWIFT_EMIT_LOC_STRINGS = YES;
				SWIFT_VERSION = 5.0;
				TARGETED_DEVICE_FAMILY = "1,2";
			};
			name = "Debug copy";
		};
/* End XCBuildConfiguration section */

/* Begin XCConfigurationList section */
		B95398B529DB3C75005A71BF /* Build configuration list for PBXProject "StayFit" */ = {
			isa = XCConfigurationList;
			buildConfigurations = (
				B95398C629DB3C77005A71BF /* Debug */,
				B95398F329DBC898005A71BF /* Debug copy */,
				B95398C729DB3C77005A71BF /* Release */,
			);
			defaultConfigurationIsVisible = 0;
			defaultConfigurationName = Release;
		};
		B95398C829DB3C77005A71BF /* Build configuration list for PBXNativeTarget "StayFit" */ = {
			isa = XCConfigurationList;
			buildConfigurations = (
				B95398C929DB3C77005A71BF /* Debug */,
				B95398F429DBC898005A71BF /* Debug copy */,
				B95398CA29DB3C77005A71BF /* Release */,
			);
			defaultConfigurationIsVisible = 0;
			defaultConfigurationName = Release;
		};
/* End XCConfigurationList section */

/* Begin XCRemoteSwiftPackageReference section */
		B95398D029DB42E0005A71BF /* XCRemoteSwiftPackageReference "firebase-ios-sdk" */ = {
			isa = XCRemoteSwiftPackageReference;
			repositoryURL = "https://github.com/firebase/firebase-ios-sdk.git";
			requirement = {
				kind = upToNextMajorVersion;
				minimumVersion = 9.0.0;
			};
		};
		B953990429DC4391005A71BF /* XCRemoteSwiftPackageReference "url-image" */ = {
			isa = XCRemoteSwiftPackageReference;
			repositoryURL = "https://github.com/dmytro-anokhin/url-image.git";
			requirement = {
				kind = upToNextMajorVersion;
				minimumVersion = 3.0.0;
			};
		};
/* End XCRemoteSwiftPackageReference section */

/* Begin XCSwiftPackageProductDependency section */
		B95398D129DB42E0005A71BF /* FirebaseAuth */ = {
			isa = XCSwiftPackageProductDependency;
			package = B95398D029DB42E0005A71BF /* XCRemoteSwiftPackageReference "firebase-ios-sdk" */;
			productName = FirebaseAuth;
		};
		B95398D329DB42E0005A71BF /* FirebaseFirestore */ = {
			isa = XCSwiftPackageProductDependency;
			package = B95398D029DB42E0005A71BF /* XCRemoteSwiftPackageReference "firebase-ios-sdk" */;
			productName = FirebaseFirestore;
		};
		B95398DC29DB69B0005A71BF /* FirebaseDatabase */ = {
			isa = XCSwiftPackageProductDependency;
			package = B95398D029DB42E0005A71BF /* XCRemoteSwiftPackageReference "firebase-ios-sdk" */;
			productName = FirebaseDatabase;
		};
		B95398DE29DB69B0005A71BF /* FirebaseDatabaseSwift */ = {
			isa = XCSwiftPackageProductDependency;
			package = B95398D029DB42E0005A71BF /* XCRemoteSwiftPackageReference "firebase-ios-sdk" */;
			productName = FirebaseDatabaseSwift;
		};
		B95398F729DBE853005A71BF /* FirebaseStorage */ = {
			isa = XCSwiftPackageProductDependency;
			package = B95398D029DB42E0005A71BF /* XCRemoteSwiftPackageReference "firebase-ios-sdk" */;
			productName = FirebaseStorage;
		};
		B95398F929DBE854005A71BF /* FirebaseStorageCombine-Community */ = {
			isa = XCSwiftPackageProductDependency;
			package = B95398D029DB42E0005A71BF /* XCRemoteSwiftPackageReference "firebase-ios-sdk" */;
			productName = "FirebaseStorageCombine-Community";
		};
		B953990529DC4392005A71BF /* URLImage */ = {
			isa = XCSwiftPackageProductDependency;
			package = B953990429DC4391005A71BF /* XCRemoteSwiftPackageReference "url-image" */;
			productName = URLImage;
		};
		B953990729DC4392005A71BF /* URLImageStore */ = {
			isa = XCSwiftPackageProductDependency;
			package = B953990429DC4391005A71BF /* XCRemoteSwiftPackageReference "url-image" */;
			productName = URLImageStore;
		};
/* End XCSwiftPackageProductDependency section */
	};
	rootObject = B95398B229DB3C75005A71BF /* Project object */;
}
